version = 1
revision = 3
requires-python = ">=3.14"

[[package]]
name = "annotated-doc"
version = "0.0.4"
source = { registry = "https://pypi.org/simple" }
sdist = { url = "https://files.pythonhosted.org/packages/57/ba/046ceea27344560984e26a590f90bc7f4a75b06701f653222458922b558c/annotated_doc-0.0.4.tar.gz", hash = "sha256:fbcda96e87e9c92ad167c2e53839e57503ecfda18804ea28102353485033faa4", size = 7288, upload-time = "2025-11-10T22:07:42.062Z" }
wheels = [
    { url = "https://files.pythonhosted.org/packages/1e/d3/26bf1008eb3d2daa8ef4cacc7f3bfdc11818d111f7e2d0201bc6e3b49d45/annotated_doc-0.0.4-py3-none-any.whl", hash = "sha256:571ac1dc6991c450b25a9c2d84a3705e2ae7a53467b5d111c24fa8baabbed320", size = 5303, upload-time = "2025-11-10T22:07:40.673Z" },
]

[[package]]
name = "colorama"
version = "0.4.6"
source = { registry = "https://pypi.org/simple" }
sdist = { url = "https://files.pythonhosted.org/packages/d8/53/6f443c9a4a8358a93a6792e2acffb9d9d5cb0a5cfd8802644b7b1c9a02e4/colorama-0.4.6.tar.gz", hash = "sha256:08695f5cb7ed6e0531a20572697297273c47b8cae5a63ffc6d6ed5c201be6e44", size = 27697, upload-time = "2022-10-25T02:36:22.414Z" }
wheels = [
    { url = "https://files.pythonhosted.org/packages/d1/d6/3965ed04c63042e047cb6a3e6ed1a63a35087b6a609aa3a15ed8ac56c221/colorama-0.4.6-py2.py3-none-any.whl", hash = "sha256:4f1d9991f5acc0ca119f9d443620b77f9d6b33703e51011c16baf57afb285fc6", size = 25335, upload-time = "2022-10-25T02:36:20.889Z" },
]

[[package]]
name = "coverage"
version = "7.15.2"
source = { registry = "https://pypi.org/simple" }
sdist = { url = "https://files.pythonhosted.org/packages/76/d0/55fe630f4cf94e3fcba868240fad8c8cdd1f764e2a932f8926347e6ec4cd/coverage-7.15.2.tar.gz", hash = "sha256:3df60dc267f0a2ca23cb7a9ab1109c62b9335ffbf519fcfe167157c28c09b81d", size = 927741, upload-time = "2026-07-15T18:56:19.558Z" }
wheels = [
    { url = "https://files.pythonhosted.org/packages/81/5f/aed265fd7a3551a394f36dfe41868aee709b7f95db4052205b4ad1563ac3/coverage-7.15.2-cp314-cp314-macosx_10_15_x86_64.whl", hash = "sha256:40f633c5c5fc783732f6312280122e859538fa24461235597c13d803ea9a108a", size = 221650, upload-time = "2026-07-15T18:55:14.527Z" },
    { url = "https://files.pythonhosted.org/packages/6b/2c/222ba12a545189017120f8eddfc1a0bd4616b47d5d4a8d99421edb2fe4c6/coverage-7.15.2-cp314-cp314-macosx_11_0_arm64.whl", hash = "sha256:075560438765b7a2ef43bf7aa7758661b53d889df47f062a31bda6c1ade553a2", size = 221988, upload-time = "2026-07-15T18:55:16.674Z" },
    { url = "https://files.pythonhosted.org/packages/aa/38/304b5877ab46e6c290b4292cfcf3fe28245f0e5597cad7f6acc91fc7e0a4/coverage-7.15.2-cp314-cp314-manylinux1_i686.manylinux_2_28_i686.manylinux_2_5_i686.whl", hash = "sha256:25fd15dd40a0a2c51a500d664ca29053c09c3259d998407bf982b6e114696138", size = 253029, upload-time = "2026-07-15T18:55:18.856Z" },
    { url = "https://files.pythonhosted.org/packages/6c/58/821b533b8db9e44cf1d8a97bd525149ced40dde1d0093da02cb78e715244/coverage-7.15.2-cp314-cp314-manylinux1_x86_64.manylinux_2_28_x86_64.manylinux_2_5_x86_64.whl", hash = "sha256:b9a6367e4aff723e8ee8190836836124284e8fcd4265e307c844010cfa074f3f", size = 255536, upload-time = "2026-07-15T18:55:21.027Z" },
    { url = "https://files.pythonhosted.org/packages/f1/f2/7aa06604c389d32ea7f0a6a988359a7eafc3cd3f8e7bc2e88cd2fdf0b877/coverage-7.15.2-cp314-cp314-manylinux2014_aarch64.manylinux_2_17_aarch64.manylinux_2_28_aarch64.whl", hash = "sha256:9854ca62c152874b2060772503535be2e8f53f70b8aaa7686b094888d872f984", size = 256881, upload-time = "2026-07-15T18:55:23.125Z" },
    { url = "https://files.pythonhosted.org/packages/a2/4f/1ef342339c7916d0096bc5888cc0f653882cc7bc8f897d5cb89143287c9b/coverage-7.15.2-cp314-cp314-manylinux2014_ppc64le.manylinux_2_17_ppc64le.manylinux_2_28_ppc64le.whl", hash = "sha256:913b6c56e110da40e035bbd168353bf7aaa2544a5eaccea5d98a4629aac156c7", size = 259196, upload-time = "2026-07-15T18:55:25.099Z" },
    { url = "https://files.pythonhosted.org/packages/fe/f4/7ed055d7a9c5ec13b161773a115a5ccc6b0081d568c31fad830806306cc7/coverage-7.15.2-cp314-cp314-manylinux_2_31_riscv64.manylinux_2_39_riscv64.whl", hash = "sha256:aaccad4129d735a8a4d526f26929894c9a4e8ef7034566f210b176749d6906e3", size = 253036, upload-time = "2026-07-15T18:55:27.018Z" },
    { url = "https://files.pythonhosted.org/packages/14/79/ea82cca18c242a3a38b6c017da39726aa62dcb64aa635abf79b92009975c/coverage-7.15.2-cp314-cp314-musllinux_1_2_aarch64.whl", hash = "sha256:a164b50081fc7357331c4024ef4d17b78ba325f8380d05f5a69599a7e05257ee", size = 254887, upload-time = "2026-07-15T18:55:29.084Z" },
    { url = "https://files.pythonhosted.org/packages/a4/ba/a136db3c0d9562b00e10b72540dbf3a33cd3bc5b95060c9308e247494623/coverage-7.15.2-cp314-cp314-musllinux_1_2_i686.whl", hash = "sha256:bfd341ccf78128e72c094bc70cc25b3ef309c33c7c2c66ba3ed4309549e02de1", size = 252852, upload-time = "2026-07-15T18:55:31.184Z" },
    { url = "https://files.pythonhosted.org/packages/17/17/ea334246b16b7d059953fad6fdefa11e33c68efbd3fe37b1098120a1fac2/coverage-7.15.2-cp314-cp314-musllinux_1_2_ppc64le.whl", hash = "sha256:1473b3ba8e7ee0f076117b1a72c23f579a2b9e2bb742f48a8d86ea27ca93f91a", size = 257128, upload-time = "2026-07-15T18:55:33.163Z" },
    { url = "https://files.pythonhosted.org/packages/ed/c3/074fb66d46d607855f710876b117cbda562c5ab08363528e78820449f937/coverage-7.15.2-cp314-cp314-musllinux_1_2_riscv64.whl", hash = "sha256:17c432b5f73ad52ef46fb06019f6fa7c66ce381961cf0f7dfd1d3a4bd3a98145", size = 252668, upload-time = "2026-07-15T18:55:35.063Z" },
    { url = "https://files.pythonhosted.org/packages/e1/c1/f620850ada9b36435921c9a3a8057013422b1d964eb4bf37fe138724d192/coverage-7.15.2-cp314-cp314-musllinux_1_2_x86_64.whl", hash = "sha256:77f0ef5011df53a4bd1b35211ab122287f8d9b8d7aa1c4553e5c2deb24b1d446", size = 254325, upload-time = "2026-07-15T18:55:37.125Z" },
    { url = "https://files.pythonhosted.org/packages/cc/31/a729ca3689404493af82ef8e6ff70bd88bdda8da89aeef6ca9b387aeb2b4/coverage-7.15.2-cp314-cp314-win32.whl", hash = "sha256:f653e5d7248c1191ec988a85c72edeab46c3ff44f90639a4ed4874ec0be90243", size = 223844, upload-time = "2026-07-15T18:55:39.078Z" },
    { url = "https://files.pythonhosted.org/packages/c6/83/5d809dc808fb1698c671f3e372259bb9158e64b7ea526fc6ab7de64de9fe/coverage-7.15.2-cp314-cp314-win_amd64.whl", hash = "sha256:9911f31aad8906abe337c271343485cf20df5e70df5d2f57f9f136e7b55f26bc", size = 224331, upload-time = "2026-07-15T18:55:41.346Z" },
    { url = "https://files.pythonhosted.org/packages/16/4e/35e488548e952795829e129995c4174df33bf432b591d1aa42c8d9e4e7ad/coverage-7.15.2-cp314-cp314-win_arm64.whl", hash = "sha256:e38def96ad59853824c97953fdcd2c320a84ba3ce99b417db78af8bb6c3db635", size = 223760, upload-time = "2026-07-15T18:55:43.518Z" },
    { url = "https://files.pythonhosted.org/packages/ed/49/dd2c86cd6374038f6e415fb5bfb86db5218553209c081384a020369dee79/coverage-7.15.2-cp314-cp314t-macosx_10_15_x86_64.whl", hash = "sha256:835ec4e20b45f0a7f63ed78f94065aca00de033403df8377bfe8b9c6abc0a7be", size = 222384, upload-time = "2026-07-15T18:55:45.569Z" },
    { url = "https://files.pythonhosted.org/packages/d3/74/173ff17a1c0808e5a438f549f6f145d5ac7528f2791310b63523e3200ac7/coverage-7.15.2-cp314-cp314t-macosx_11_0_arm64.whl", hash = "sha256:7466cc7ab6dc0db871d264bf99e8779f0917ee63d40730af0552f71535a6e072", size = 222647, upload-time = "2026-07-15T18:55:47.544Z" },
    { url = "https://files.pythonhosted.org/packages/84/f8/b8cba872162356fb44ac79c10309d987206a4461e32072fc29228dad7331/coverage-7.15.2-cp314-cp314t-manylinux1_i686.manylinux_2_28_i686.manylinux_2_5_i686.whl", hash = "sha256:e370c12133095ff18432de8c044962be85a5a96d90c6fcbce8e17e76236d2328", size = 264013, upload-time = "2026-07-15T18:55:49.768Z" },
    { url = "https://files.pythonhosted.org/packages/ee/67/a807a7586d0b8cae485308ddd55756f0806c92f8e0b411bacbf23c48edf3/coverage-7.15.2-cp314-cp314t-manylinux1_x86_64.manylinux_2_28_x86_64.manylinux_2_5_x86_64.whl", hash = "sha256:fe41909c9515c3bfdb5f02c4d1f857dba322d9a9a1178069b91eea77889df63a", size = 266135, upload-time = "2026-07-15T18:55:51.941Z" },
    { url = "https://files.pythonhosted.org/packages/ce/67/cd78771dc985f7e4ebdcc82b1a96d9a932af9e806f01f2f91a89f4c72e80/coverage-7.15.2-cp314-cp314t-manylinux2014_aarch64.manylinux_2_17_aarch64.manylinux_2_28_aarch64.whl", hash = "sha256:6aa28cfb6488e5453b5b762d65f73aa586380f6693a04d58078ce228a29b06c0", size = 268555, upload-time = "2026-07-15T18:55:54.065Z" },
    { url = "https://files.pythonhosted.org/packages/18/3e/10134cf81275188c58568f324fc74aedff32c63ca4d5bbc513a91944a6f0/coverage-7.15.2-cp314-cp314t-manylinux2014_ppc64le.manylinux_2_17_ppc64le.manylinux_2_28_ppc64le.whl", hash = "sha256:bcc0aae933921d03096f53b0b03eeb702129fd406dee59f08d2efacc68681fa5", size = 269674, upload-time = "2026-07-15T18:55:56.066Z" },
    { url = "https://files.pythonhosted.org/packages/75/4a/771b77de446cba985dc414bbc5844bd21604da05dbc044286df8318a48a7/coverage-7.15.2-cp314-cp314t-manylinux_2_31_riscv64.manylinux_2_39_riscv64.whl", hash = "sha256:7c63387e21ab21f512c69c9756a8c7dadd322c7275edb064064433c9a09c3743", size = 263101, upload-time = "2026-07-15T18:55:58.107Z" },
    { url = "https://files.pythonhosted.org/packages/5f/b5/70a7011da15f4071943361183aefa27847f3e3aec4fd335f1cb3d3a622b1/coverage-7.15.2-cp314-cp314t-musllinux_1_2_aarch64.whl", hash = "sha256:0e55510bc98ae943cece9e667a6c0fe94c6a92913720dea34243657a17993d0c", size = 266007, upload-time = "2026-07-15T18:56:00.468Z" },
    { url = "https://files.pythonhosted.org/packages/b4/0d/f9547e804ce7ad49646ffeffac26699510efbe6c0f751b66fdc960c4e825/coverage-7.15.2-cp314-cp314t-musllinux_1_2_i686.whl", hash = "sha256:2ff08701be2d1556fc78b326c80a3e8042da09352ecb3819105f8e386c8a3071", size = 263611, upload-time = "2026-07-15T18:56:02.615Z" },
    { url = "https://files.pythonhosted.org/packages/ac/59/f576a396659c0efd351f5c1544f67c3560e89c7761cabf7f65e412beeda5/coverage-7.15.2-cp314-cp314t-musllinux_1_2_ppc64le.whl", hash = "sha256:38c9518b7103826c403a461544e3c2e77151e8676d06eaed85911a97e962584a", size = 267344, upload-time = "2026-07-15T18:56:04.622Z" },
    { url = "https://files.pythonhosted.org/packages/7c/5d/c2e4fce3579c0cb635024293f1a32bbe26df101b3e3a69f22243d1352b6c/coverage-7.15.2-cp314-cp314t-musllinux_1_2_riscv64.whl", hash = "sha256:dee88b1ed88587abd8c0269a1fc1f4cc77f7750d1dfde2869e2a123af420e67d", size = 262456, upload-time = "2026-07-15T18:56:06.641Z" },
    { url = "https://files.pythonhosted.org/packages/bb/dd/956287d69436b66094bc4b57ac2da71e43bfd2a5524e958900b9f582fcf8/coverage-7.15.2-cp314-cp314t-musllinux_1_2_x86_64.whl", hash = "sha256:2fbeeeecea279727f8ac16c8e1133ddfeee793e985c86ae343d6a5ce744eef8c", size = 264771, upload-time = "2026-07-15T18:56:08.795Z" },
    { url = "https://files.pythonhosted.org/packages/2c/5a/6f979530c2734c575de77cf58f5f28d51f7123a94b5030fd9156fe5f363c/coverage-7.15.2-cp314-cp314t-win32.whl", hash = "sha256:cb0fddaa6884be6aae36ced9544b5e90f7d5f03845a2853bf47a14953a4e8688", size = 224151, upload-time = "2026-07-15T18:56:10.856Z" },
    { url = "https://files.pythonhosted.org/packages/54/7e/27f6b2a74d484742f4017553e710b01e396b23d809df3e95ca0bb9a2824b/coverage-7.15.2-cp314-cp314t-win_amd64.whl", hash = "sha256:77f091ea3a9cc611cd29f433565476bc1936c084ac8eee00ea0e7e70c27e4199", size = 224981, upload-time = "2026-07-15T18:56:12.928Z" },
    { url = "https://files.pythonhosted.org/packages/b1/48/284863423aa474240f6842bd00d680da22f4e6ea2e466618ef7c9c9e69a9/coverage-7.15.2-cp314-cp314t-win_arm64.whl", hash = "sha256:6fc448c377d6eeb00a47c673494bd9bae29280ca53987e1869e67ebedfe20658", size = 224294, upload-time = "2026-07-15T18:56:15.156Z" },
    { url = "https://files.pythonhosted.org/packages/ec/82/32e3bd191d498e64f6f911ad55d14006a0861e54869d2d32452326399e65/coverage-7.15.2-py3-none-any.whl", hash = "sha256:eb6bcae8d1a9d305351ecb108232441d11c5cfe9de840a04388ba5d2db8d735c", size = 213375, upload-time = "2026-07-15T18:56:17.305Z" },
]

[[package]]
name = "iniconfig"
version = "2.3.0"
source = { registry = "https://pypi.org/simple" }
sdist = { url = "https://files.pythonhosted.org/packages/72/34/14ca021ce8e5dfedc35312d08ba8bf51fdd999c576889fc2c24cb97f4f10/iniconfig-2.3.0.tar.gz", hash = "sha256:c76315c77db068650d49c5b56314774a7804df16fee4402c1f19d6d15d8c4730", size = 20503, upload-time = "2025-10-18T21:55:43.219Z" }
wheels = [
    { url = "https://files.pythonhosted.org/packages/cb/b1/3846dd7f199d53cb17f49cba7e651e9ce294d8497c8c150530ed11865bb8/iniconfig-2.3.0-py3-none-any.whl", hash = "sha256:f631c04d2c48c52b84d0d0549c99ff3859c98df65b3101406327ecc7d53fbf12", size = 7484, upload-time = "2025-10-18T21:55:41.639Z" },
]

[[package]]
name = "markdown-it-py"
version = "4.2.0"
source = { registry = "https://pypi.org/simple" }
dependencies = [
    { name = "mdurl" },
]
sdist = { url = "https://files.pythonhosted.org/packages/06/ff/7841249c247aa650a76b9ee4bbaeae59370dc8bfd2f6c01f3630c35eb134/markdown_it_py-4.2.0.tar.gz", hash = "sha256:04a21681d6fbb623de53f6f364d352309d4094dd4194040a10fd51833e418d49", size = 82454, upload-time = "2026-05-07T12:08:28.36Z" }
wheels = [
    { url = "https://files.pythonhosted.org/packages/b3/81/4da04ced5a082363ecfa159c010d200ecbd959ae410c10c0264a38cac0f5/markdown_it_py-4.2.0-py3-none-any.whl", hash = "sha256:9f7ebbcd14fe59494226453aed97c1070d83f8d24b6fc3a3bcf9a38092641c4a", size = 91687, upload-time = "2026-05-07T12:08:27.182Z" },
]

[[package]]
name = "mdurl"
version = "0.1.2"
source = { registry = "https://pypi.org/simple" }
sdist = { url = "https://files.pythonhosted.org/packages/d6/54/cfe61301667036ec958cb99bd3efefba235e65cdeb9c84d24a8293ba1d90/mdurl-0.1.2.tar.gz", hash = "sha256:bb413d29f5eea38f31dd4754dd7377d4465116fb207585f97bf925588687c1ba", size = 8729, upload-time = "2022-08-14T12:40:10.846Z" }
wheels = [
    { url = "https://files.pythonhosted.org/packages/b3/38/89ba8ad64ae25be8de66a6d463314cf1eb366222074cfda9ee839c56a4b4/mdurl-0.1.2-py3-none-any.whl", hash = "sha256:84008a41e51615a49fc9966191ff91509e3c40b939176e643fd50a5c2196b8f8", size = 9979, upload-time = "2022-08-14T12:40:09.779Z" },
]

[[package]]
name = "packaging"
version = "26.2"
source = { registry = "https://pypi.org/simple" }
sdist = { url = "https://files.pythonhosted.org/packages/d7/f1/e7a6dd94a8d4a5626c03e4e99c87f241ba9e350cd9e6d75123f992427270/packaging-26.2.tar.gz", hash = "sha256:ff452ff5a3e828ce110190feff1178bb1f2ea2281fa2075aadb987c2fb221661", size = 228134, upload-time = "2026-04-24T20:15:23.917Z" }
wheels = [
    { url = "https://files.pythonhosted.org/packages/df/b2/87e62e8c3e2f4b32e5fe99e0b86d576da1312593b39f47d8ceef365e95ed/packaging-26.2-py3-none-any.whl", hash = "sha256:5fc45236b9446107ff2415ce77c807cee2862cb6fac22b8a73826d0693b0980e", size = 100195, upload-time = "2026-04-24T20:15:22.081Z" },
]

[[package]]
name = "pluggy"
version = "1.6.0"
source = { registry = "https://pypi.org/simple" }
sdist = { url = "https://files.pythonhosted.org/packages/f9/e2/3e91f31a7d2b083fe6ef3fa267035b518369d9511ffab804f839851d2779/pluggy-1.6.0.tar.gz", hash = "sha256:7dcc130b76258d33b90f61b658791dede3486c3e6bfb003ee5c9bfb396dd22f3", size = 69412, upload-time = "2025-05-15T12:30:07.975Z" }
wheels = [
    { url = "https://files.pythonhosted.org/packages/54/20/4d324d65cc6d9205fabedc306948156824eb9f0ee1633355a8f7ec5c66bf/pluggy-1.6.0-py3-none-any.whl", hash = "sha256:e920276dd6813095e9377c0bc5566d94c932c33b27a3e3945d8389c374dd4746", size = 20538, upload-time = "2025-05-15T12:30:06.134Z" },
]

[[package]]
name = "poop"
version = "0.0.0"
source = { editable = "." }
dependencies = [
    { name = "rich" },
    { name = "typer" },
]

[package.dev-dependencies]
dev = [
    { name = "prek" },
    { name = "pytest-cov" },
    { name = "ruff" },
    { name = "ty" },
]

[package.metadata]
requires-dist = [
    { name = "rich", specifier = ">=15.0.0" },
    { name = "typer", specifier = ">=0.26.7" },
]

[package.metadata.requires-dev]
dev = [
    { name = "prek", specifier = ">=0.4.5" },
    { name = "pytest-cov", specifier = ">=7.1.0" },
    { name = "ruff", specifier = ">=0.16.0" },
    { name = "ty", specifier = ">=0.0.52" },
]

[[package]]
name = "prek"
version = "0.4.10"
source = { registry = "https://pypi.org/simple" }
sdist = { url = "https://files.pythonhosted.org/packages/7c/54/edc21e275f9fa3540d4d98cf349c2de11621d6729cc401bb7aedf563609e/prek-0.4.10.tar.gz", hash = "sha256:db3122f4e780eb4587635e6a83df881caf2dbb1eb7799d1cca51158216d6f33b", size = 502565, upload-time = "2026-07-16T10:13:00.788Z" }
wheels = [
    { url = "https://files.pythonhosted.org/packages/db/e7/5a63528ba7b95b64f38db3e253aed49ee8e5e8ba16589889d2b7f809edb7/prek-0.4.10-py3-none-linux_armv6l.whl", hash = "sha256:023f302741d79301346c3088ba43a9592aff0ecdbe5ddc3019fa9b1183319c5e", size = 5694609, upload-time = "2026-07-16T10:12:26.352Z" },
    { url = "https://files.pythonhosted.org/packages/0b/ef/ee9e6bf9a5ce242e9e4e66ac4e2e9042a0f6fd9f367cee18ad404456e93d/prek-0.4.10-py3-none-macosx_10_12_x86_64.whl", hash = "sha256:72adc707e16f97564bbae08d22b222ac3bb2491f8fbfb5a0754f80d472c28a71", size = 6044037, upload-time = "2026-07-16T10:12:28.539Z" },
    { url = "https://files.pythonhosted.org/packages/68/7e/da08cc39e5348ccb9234e63a21ee56861f72e8497d6a78f0db1ccae6515d/prek-0.4.10-py3-none-macosx_11_0_arm64.whl", hash = "sha256:04c9321957e1b32e1fc7cf60bb4f90bba3761f8659d5551ed04f96e25596de49", size = 5535983, upload-time = "2026-07-16T10:12:30.691Z" },
    { url = "https://files.pythonhosted.org/packages/30/c6/0486a35bb687a9beac7a5810bd1104c6da56d469b30b1eeaeefd03c99da2/prek-0.4.10-py3-none-manylinux_2_17_aarch64.manylinux2014_aarch64.musllinux_1_1_aarch64.whl", hash = "sha256:e66ccf6c5e4ebadd05cd98cb338d7f553e4d27aa243cf91279c5a569b3cdccc7", size = 5862085, upload-time = "2026-07-16T10:12:33.042Z" },
    { url = "https://files.pythonhosted.org/packages/52/39/277fe17ae1f121e532e3942456f5a6d01ddacfbc550e481dcb359be7a1b0/prek-0.4.10-py3-none-manylinux_2_17_armv7l.manylinux2014_armv7l.whl", hash = "sha256:63f9061d75a50ef0ca92c4b596ad352937a845df80758244950e513b27e9e18f", size = 5605697, upload-time = "2026-07-16T10:12:35.498Z" },
    { url = "https://files.pythonhosted.org/packages/ad/a1/08354af3e000f2656fad086690d834eab6c04631ff41313a219ea6232199/prek-0.4.10-py3-none-manylinux_2_17_i686.manylinux2014_i686.whl", hash = "sha256:3c2ff7110e4bfaafbbab13c2893a337081aca61ed797f14b6b224d2ea9741eef", size = 6034111, upload-time = "2026-07-16T10:12:37.545Z" },
    { url = "https://files.pythonhosted.org/packages/e4/74/4702396c8d486132e5ce009ab56a0b37f50cb6866830d371f2617b7bdfdc/prek-0.4.10-py3-none-manylinux_2_17_s390x.manylinux2014_s390x.whl", hash = "sha256:2b696a05542e79aa27bcce68d1792e77f4fe6f9c6b012b34d74d62f964f3c72d", size = 6787203, upload-time = "2026-07-16T10:12:40.031Z" },
    { url = "https://files.pythonhosted.org/packages/90/29/b5d5d6fb87ebd64b37471e3e79761de9983f85e14d69c522efe7af6620ce/prek-0.4.10-py3-none-manylinux_2_17_x86_64.manylinux2014_x86_64.whl", hash = "sha256:431b44d6054e72815b4b05e1173596dfd02a7f7461211d40a2e3117e414642ad", size = 6261333, upload-time = "2026-07-16T10:12:42.216Z" },
    { url = "https://files.pythonhosted.org/packages/94/d6/54ba696d19f7efdc184093353cce713a850aef9c3556e23faeecafa22e94/prek-0.4.10-py3-none-manylinux_2_28_aarch64.whl", hash = "sha256:ccbd2b4fd1df790087ba18b4506f680471922a5f13714f19801568434a040dee", size = 5867761, upload-time = "2026-07-16T10:12:44.329Z" },
    { url = "https://files.pythonhosted.org/packages/be/7d/3975098aa2baaabfc10f99f9fcf78045c4f10851beed8e9812b6a2688eab/prek-0.4.10-py3-none-manylinux_2_31_riscv64.whl", hash = "sha256:479e7480b447191aa5c6ed67e80f081d0f5ee4e878b140f4d2cee44165395f1c", size = 5714412, upload-time = "2026-07-16T10:12:46.297Z" },
    { url = "https://files.pythonhosted.org/packages/97/c0/3e0aac190fe95fdef98526343559b61d4d9fd54444c8c9137ba02412afe1/prek-0.4.10-py3-none-musllinux_1_1_armv7l.whl", hash = "sha256:0bb7451025cbd2b68e480a13cf665d7a5c87c8b87bf18549a78985c17df817ed", size = 5578145, upload-time = "2026-07-16T10:12:48.261Z" },
    { url = "https://files.pythonhosted.org/packages/d7/44/7b26035534204b8b8a9d5e625479201e616413d287262f557cb32e1f8d77/prek-0.4.10-py3-none-musllinux_1_1_i686.whl", hash = "sha256:4fb047e5776676805794574b2d7b178cb3ab536793aadf172419fcda56b34a57", size = 5889245, upload-time = "2026-07-16T10:12:50.818Z" },
    { url = "https://files.pythonhosted.org/packages/7e/6c/178a9d768876b4211a1bf63907fe308ae02d173639bcf41cea3c5eed35c1/prek-0.4.10-py3-none-musllinux_1_1_x86_64.whl", hash = "sha256:08318818d19caf79643babb89f872c92fda134a622b4731df1d6ed61e29d2d26", size = 6372849, upload-time = "2026-07-16T10:12:52.952Z" },
    { url = "https://files.pythonhosted.org/packages/4d/84/d5f5ac8193602883f9dd1d675d9d4084e34fbe3ed2ef50a0c336d8a53d8f/prek-0.4.10-py3-none-win32.whl", hash = "sha256:092872714dcde480a662bbdd98b980b248c2d3e10543d4d53a3a58cc9e5b35b0", size = 5413005, upload-time = "2026-07-16T10:12:55.113Z" },
    { url = "https://files.pythonhosted.org/packages/41/63/9e648fda10bc02c9b6ba305f93b6a6e4fd37d23d13a269a9d2d6bb44eaa1/prek-0.4.10-py3-none-win_amd64.whl", hash = "sha256:3d323a18d0f8c50e474a8fa29fb93bd2db680116d8afb19b76e72ad4667f58e6", size = 5799075, upload-time = "2026-07-16T10:12:56.963Z" },
    { url = "https://files.pythonhosted.org/packages/22/74/b34d8c80cec8dccc7b922c75b9dca62b18b603b5ed2eea93c9d7c2928d2d/prek-0.4.10-py3-none-win_arm64.whl", hash = "sha256:5e93865ef96756c4a26f37ece04ad514abbc19ae6a23ed1a507b6314e6a0d2fb", size = 5563955, upload-time = "2026-07-16T10:12:59.07Z" },
]

[[package]]
name = "pygments"
version = "2.20.0"
source = { registry = "https://pypi.org/simple" }
sdist = { url = "https://files.pythonhosted.org/packages/c3/b2/bc9c9196916376152d655522fdcebac55e66de6603a76a02bca1b6414f6c/pygments-2.20.0.tar.gz", hash = "sha256:6757cd03768053ff99f3039c1a36d6c0aa0b263438fcab17520b30a303a82b5f", size = 4955991, upload-time = "2026-03-29T13:29:33.898Z" }
wheels = [
    { url = "https://files.pythonhosted.org/packages/f4/7e/a72dd26f3b0f4f2bf1dd8923c85f7ceb43172af56d63c7383eb62b332364/pygments-2.20.0-py3-none-any.whl", hash = "sha256:81a9e26dd42fd28a23a2d169d86d7ac03b46e2f8b59ed4698fb4785f946d0176", size = 1231151, upload-time = "2026-03-29T13:29:30.038Z" },
]

[[package]]
name = "pytest"
version = "9.1.1"
source = { registry = "https://pypi.org/simple" }
dependencies = [
    { name = "colorama", marker = "sys_platform == 'win32'" },
    { name = "iniconfig" },
    { name = "packaging" },
    { name = "pluggy" },
    { name = "pygments" },
]
sdist = { url = "https://files.pythonhosted.org/packages/e4/47/b9efed96c114afcfa3c9d3fe98a76a1d14c74a9e266d397cf6eb64be5e01/pytest-9.1.1.tar.gz", hash = "sha256:1088fbde8f2b49d95a549a195707afa7a76a3ce9bcadc26b6d71f0ffda5fe313", size = 1636369, upload-time = "2026-06-19T10:58:32.857Z" }
wheels = [
    { url = "https://files.pythonhosted.org/packages/24/25/1de2678b631f5a49215c6c96fff41ba892b0a34df68d6d80292b1b48aa7f/pytest-9.1.1-py3-none-any.whl", hash = "sha256:37a86b45efb9a47a61a36449063e8e18d0cab3161329fc099eb21783169c4f0c", size = 386536, upload-time = "2026-06-19T10:58:31.347Z" },
]

[[package]]
name = "pytest-cov"
version = "7.1.0"
source = { registry = "https://pypi.org/simple" }
dependencies = [
    { name = "coverage" },
    { name = "pluggy" },
    { name = "pytest" },
]
sdist = { url = "https://files.pythonhosted.org/packages/b1/51/a849f96e117386044471c8ec2bd6cfebacda285da9525c9106aeb28da671/pytest_cov-7.1.0.tar.gz", hash = "sha256:30674f2b5f6351aa09702a9c8c364f6a01c27aae0c1366ae8016160d1efc56b2", size = 55592, upload-time = "2026-03-21T20:11:16.284Z" }
wheels = [
    { url = "https://files.pythonhosted.org/packages/9d/7a/d968e294073affff457b041c2be9868a40c1c71f4a35fcc1e45e5493067b/pytest_cov-7.1.0-py3-none-any.whl", hash = "sha256:a0461110b7865f9a271aa1b51e516c9a95de9d696734a2f71e3e78f46e1d4678", size = 22876, upload-time = "2026-03-21T20:11:14.438Z" },
]

[[package]]
name = "rich"
version = "15.0.0"
source = { registry = "https://pypi.org/simple" }
dependencies = [
    { name = "markdown-it-py" },
    { name = "pygments" },
]
sdist = { url = "https://files.pythonhosted.org/packages/c0/8f/0722ca900cc807c13a6a0c696dacf35430f72e0ec571c4275d2371fca3e9/rich-15.0.0.tar.gz", hash = "sha256:edd07a4824c6b40189fb7ac9bc4c52536e9780fbbfbddf6f1e2502c31b068c36", size = 230680, upload-time = "2026-04-12T08:24:00.75Z" }
wheels = [
    { url = "https://files.pythonhosted.org/packages/82/3b/64d4899d73f91ba49a8c18a8ff3f0ea8f1c1d75481760df8c68ef5235bf5/rich-15.0.0-py3-none-any.whl", hash = "sha256:33bd4ef74232fb73fe9279a257718407f169c09b78a87ad3d296f548e27de0bb", size = 310654, upload-time = "2026-04-12T08:24:02.83Z" },
]

[[package]]
name = "ruff"
version = "0.16.0"
source = { registry = "https://pypi.org/simple" }
sdist = { url = "https://files.pythonhosted.org/packages/4d/94/1e5e4967626faf12fa56999cd6222dff6992ceb086ad7945756baf70c7a7/ruff-0.16.0.tar.gz", hash = "sha256:e460aafd5495ec89efaa6ced2e4a9a581116451e1c88b9d37ef497e0f8e93982", size = 4790557, upload-time = "2026-07-23T19:11:30.981Z" }
wheels = [
    { url = "https://files.pythonhosted.org/packages/4b/81/1c8818fee7ce1a04cd7d1b3172e0a8f8e4f1dc4feb7fc390e16daa8af323/ruff-0.16.0-py3-none-linux_armv6l.whl", hash = "sha256:e5115729eb08c585e5121978ba5d5b60caeae394ce21b9fb5e6cd33a1c6c9b1e", size = 10754633, upload-time = "2026-07-23T19:10:46.415Z" },
    { url = "https://files.pythonhosted.org/packages/23/df/beaf59c09d68db84304d555f188b276a77132a5d5b0b67a5c762aa143628/ruff-0.16.0-py3-none-macosx_10_12_x86_64.whl", hash = "sha256:3c954b1d580bfa035b41654f7858cc7e71d5fc3ac5b723dd62bd9133830ed522", size = 10969164, upload-time = "2026-07-23T19:10:50.271Z" },
    { url = "https://files.pythonhosted.org/packages/42/ce/741cd197496a1abbf51352710fd15ed995d2a2be87189c1da26a450d6e83/ruff-0.16.0-py3-none-macosx_11_0_arm64.whl", hash = "sha256:e01c21d10eb1b29f47b7454e1f4056db9a3f0260c646aa88457c610291db9f81", size = 10488846, upload-time = "2026-07-23T19:10:52.639Z" },
    { url = "https://files.pythonhosted.org/packages/52/2a/a2db8e88cade358f5cdcb05674a917751074109315d014eb6352d9a893f7/ruff-0.16.0-py3-none-manylinux_2_17_aarch64.manylinux2014_aarch64.whl", hash = "sha256:6e364e5ed22ed8dc05082fd78e35308618260907ac2d3c1d637b2e682415b6c9", size = 10889729, upload-time = "2026-07-23T19:10:54.89Z" },
    { url = "https://files.pythonhosted.org/packages/42/65/62a771694ebd63029dc953e27dbad40e1588bd4860ff9fe881018fddaa49/ruff-0.16.0-py3-none-manylinux_2_17_armv7l.manylinux2014_armv7l.whl", hash = "sha256:d327b8fc113a1d4421a04f3839d3752057c8dd1ee320223a6f3f52d04ada462a", size = 10568275, upload-time = "2026-07-23T19:10:56.993Z" },
    { url = "https://files.pythonhosted.org/packages/3f/e2/ced249fe8af5f086c5c58cc21cc3356d50f32f7401c5df87050c999620a7/ruff-0.16.0-py3-none-manylinux_2_17_i686.manylinux2014_i686.whl", hash = "sha256:a9b50c55e263103586b3dcf5f73d479eb8cb5fdb6098fec59a62891dab653717", size = 11385112, upload-time = "2026-07-23T19:10:59.615Z" },
    { url = "https://files.pythonhosted.org/packages/87/0b/05154977a8fd69eeb6c103271f55403bfd8711f5c0f8ed07489d95a504e7/ruff-0.16.0-py3-none-manylinux_2_17_ppc64le.manylinux2014_ppc64le.whl", hash = "sha256:0ff4a79ce3ec0172f3241943835de1c4cb4e2dcd07f0f8c2d02603dbbbee4b17", size = 12207008, upload-time = "2026-07-23T19:11:02.154Z" },
    { url = "https://files.pythonhosted.org/packages/fb/29/98225831a3a1eab0e02f4acc6ca6559a98611dcc68b6965ff4b7234627c1/ruff-0.16.0-py3-none-manylinux_2_17_s390x.manylinux2014_s390x.whl", hash = "sha256:e95c448fca1fb2a18372a9440926c5a6ee789639bb975c72e7ae6d0b04218ab4", size = 11650842, upload-time = "2026-07-23T19:11:04.557Z" },
    { url = "https://files.pythonhosted.org/packages/91/66/6bd3cf90500653d55dc0ffc8507aa8300bd49d0214b2e8cb4d3fef2943ba/ruff-0.16.0-py3-none-manylinux_2_17_x86_64.manylinux2014_x86_64.whl", hash = "sha256:4f11a8d11010301d0a398a2fdef67691feca7294da6aef55e2150e8fa2cd520b", size = 11400718, upload-time = "2026-07-23T19:11:09.233Z" },
    { url = "https://files.pythonhosted.org/packages/8e/a2/a54eb4eae05d66364050a5d3b8a9c5ef88196531b3cbe7109d873f87f819/ruff-0.16.0-py3-none-manylinux_2_31_riscv64.whl", hash = "sha256:48044c678e9cb8698246c99b14aaccfa6601dea7379eb48a6f8f73f7a6d86cd0", size = 11426177, upload-time = "2026-07-23T19:11:11.994Z" },
    { url = "https://files.pythonhosted.org/packages/1a/be/16e3eea4b2a478a496919f5e36f17c4559e54620bd3bbac5d6affa068006/ruff-0.16.0-py3-none-musllinux_1_2_aarch64.whl", hash = "sha256:7aa0959bad8eb8bef50340154fc9b58678dae31fa4293afa38b44b6e552c0213", size = 10856126, upload-time = "2026-07-23T19:11:14.221Z" },
    { url = "https://files.pythonhosted.org/packages/a2/84/252eb8b868a16eec7257c14f504f77537e734b2d69c762e639e588e304a3/ruff-0.16.0-py3-none-musllinux_1_2_armv7l.whl", hash = "sha256:28ea2b7df8ebf7f9da6b7d47b230ab48f387c0a29be3b474c4d0740e197bb9af", size = 10571208, upload-time = "2026-07-23T19:11:16.378Z" },
    { url = "https://files.pythonhosted.org/packages/21/09/817a482f542f7570cbb4554b26e896610c7114f539b1d9e2d2145bf6bef6/ruff-0.16.0-py3-none-musllinux_1_2_i686.whl", hash = "sha256:33a3dfac8c35f81498dea9181bccc2f4c4bc8f1521a1dd9406e77643e0f0fb09", size = 11063329, upload-time = "2026-07-23T19:11:19.173Z" },
    { url = "https://files.pythonhosted.org/packages/2e/23/9403c180ca1cb9b1f7335f5c3e5305c09d49ea5b345196682a36028bde4a/ruff-0.16.0-py3-none-musllinux_1_2_x86_64.whl", hash = "sha256:a5237a0bda500d30d81b8e07a6973a5cbc772864cbf746ae2f4e8a2e01c9f4ed", size = 11489751, upload-time = "2026-07-23T19:11:21.74Z" },
    { url = "https://files.pythonhosted.org/packages/b2/1d/1b2ef7bcde851c78d7f17f1cca13fd6dc695fc4b3d6197941e72cae5b132/ruff-0.16.0-py3-none-win32.whl", hash = "sha256:7fab76fa065c873f41ff744347c6e77bcc3dfec4bcc754dc26b63d23c0f7f5fb", size = 10785885, upload-time = "2026-07-23T19:11:23.947Z" },
    { url = "https://files.pythonhosted.org/packages/b2/a3/d5e4ef7a56be3f928ffb90b94c25ba7d3cb9c7fe0736aeaaedf361770712/ruff-0.16.0-py3-none-win_amd64.whl", hash = "sha256:429c117f022bf481fabd9d551e7a3952b24c65e6ef44337ea09d90bebef14472", size = 11923141, upload-time = "2026-07-23T19:11:26.409Z" },
    { url = "https://files.pythonhosted.org/packages/cb/9a/8415f2657cbe200f41a4531ccededf135505a92d4a012229121f885b26f9/ruff-0.16.0-py3-none-win_arm64.whl", hash = "sha256:14296fedcd2705c77ab8235439278bbb38f285cf7da5528b00b3e330c3d4872d", size = 11273407, upload-time = "2026-07-23T19:11:28.705Z" },
]

[[package]]
name = "shellingham"
version = "1.5.4"
source = { registry = "https://pypi.org/simple" }
sdist = { url = "https://files.pythonhosted.org/packages/58/15/8b3609fd3830ef7b27b655beb4b4e9c62313a4e8da8c676e142cc210d58e/shellingham-1.5.4.tar.gz", hash = "sha256:8dbca0739d487e5bd35ab3ca4b36e11c4078f3a234bfce294b0a0291363404de", size = 10310, upload-time = "2023-10-24T04:13:40.426Z" }
wheels = [
    { url = "https://files.pythonhosted.org/packages/e0/f9/0595336914c5619e5f28a1fb793285925a8cd4b432c9da0a987836c7f822/shellingham-1.5.4-py2.py3-none-any.whl", hash = "sha256:7ecfff8f2fd72616f7481040475a65b2bf8af90a56c89140852d1120324e8686", size = 9755, upload-time = "2023-10-24T04:13:38.866Z" },
]

[[package]]
name = "ty"
version = "0.0.60"
source = { registry = "https://pypi.org/simple" }
sdist = { url = "https://files.pythonhosted.org/packages/0a/6e/1ab6f2727622d38ddfb2a7f994209b3087190b76885e2f754dbb6e58e0c9/ty-0.0.60.tar.gz", hash = "sha256:ebd7517d1aa8d8c3793cbf03c263679a42b939eca650df583234f92a5eb5837a", size = 6189323, upload-time = "2026-07-16T10:18:14.124Z" }
wheels = [
    { url = "https://files.pythonhosted.org/packages/a1/fc/c82d30b753dfb9d83ac34568478d9487bc42e1e79241a22b57f4b28fabee/ty-0.0.60-py3-none-linux_armv6l.whl", hash = "sha256:0842270c2e10d8416ca9f8aca1357c827efc5212300fbbc709e186e66fc7f9da", size = 11831443, upload-time = "2026-07-16T10:17:34.912Z" },
    { url = "https://files.pythonhosted.org/packages/47/d4/09e386d816076d1d90c57baee7f607e1475b625bb9f9279b28302da22f18/ty-0.0.60-py3-none-macosx_10_12_x86_64.whl", hash = "sha256:f49d024571cd7e569081638ab0ccc9e6795d642c6b9208addecc5e487364f0a3", size = 11624536, upload-time = "2026-07-16T10:17:37.445Z" },
    { url = "https://files.pythonhosted.org/packages/f2/1e/e527e29fd9a3d41ddc419a43b37927c42a0d8ee4ca8a148ce4e022328f2f/ty-0.0.60-py3-none-macosx_11_0_arm64.whl", hash = "sha256:5b006c9a793d735ff808999775bbc0f07f91de50e931799f17322440cd9d055f", size = 11032920, upload-time = "2026-07-16T10:17:39.695Z" },
    { url = "https://files.pythonhosted.org/packages/79/e0/0f294bf2521f2836ba1a4682d4301c2038e4dfedee3a70df8f6005694978/ty-0.0.60-py3-none-manylinux_2_17_aarch64.manylinux2014_aarch64.whl", hash = "sha256:233033de40a0722420380d40f0eeebe8eb0d3afeeab3a6e7b1388e2caf1a017c", size = 11575334, upload-time = "2026-07-16T10:17:41.644Z" },
    { url = "https://files.pythonhosted.org/packages/0c/8c/682e46e29165d9c94829576687092a8ea4556dd5882b11edd32bc7f4b534/ty-0.0.60-py3-none-manylinux_2_17_armv7l.manylinux2014_armv7l.whl", hash = "sha256:61bcbd67f653ae2966d0e423879127907c6f8b567d64b6db93cb8f6cca7045ed", size = 11659354, upload-time = "2026-07-16T10:17:43.815Z" },
    { url = "https://files.pythonhosted.org/packages/2c/d3/6baf7eb3cf9459416032285a10ffe1309f7e255e3f1974372bc41d44cfd3/ty-0.0.60-py3-none-manylinux_2_17_i686.manylinux2014_i686.whl", hash = "sha256:b72e44a0be08ad778693d49b00b03bb784c1465d8265b3b392b355b34257a437", size = 12293710, upload-time = "2026-07-16T10:17:46.032Z" },
    { url = "https://files.pythonhosted.org/packages/5c/f7/b287d78c93449fc5153891ad040be55e0718711ae7c0f2c54d3b88dd4d00/ty-0.0.60-py3-none-manylinux_2_17_ppc64le.manylinux2014_ppc64le.whl", hash = "sha256:13b89f03a76f149350617345ae33bd332d2c6023dc5d560dd10a4f0210fba13a", size = 12837636, upload-time = "2026-07-16T10:17:48.453Z" },
    { url = "https://files.pythonhosted.org/packages/e6/f2/3d8c77ca5f836fb6280231030df5a4504476a38d4554330d2be42125888e/ty-0.0.60-py3-none-manylinux_2_17_s390x.manylinux2014_s390x.whl", hash = "sha256:30db8ebf6715da30afac62311ac773bf436ed503ed989cc9d4be4d3bdc3cbd43", size = 12383469, upload-time = "2026-07-16T10:17:50.567Z" },
    { url = "https://files.pythonhosted.org/packages/e8/98/958047501d74f9d0df357df28fea1de2afa18f1e6b2dc4a3ea4975c83e14/ty-0.0.60-py3-none-manylinux_2_17_x86_64.manylinux2014_x86_64.whl", hash = "sha256:9ecd6dc686f90c3bfe22c9b435e4a5325f5066f706bfe95c1616ef425b1f0654", size = 12132334, upload-time = "2026-07-16T10:17:52.718Z" },
    { url = "https://files.pythonhosted.org/packages/8c/8f/b2853634da28aac01ea0ba8ef7695dc3d6c9aaf9c63dfdcf7c7435bc6c25/ty-0.0.60-py3-none-manylinux_2_31_riscv64.whl", hash = "sha256:a2292124558d839e31afd9829b11dda726ce65096b1feb80d14a1ddc7ccb0f28", size = 12359945, upload-time = "2026-07-16T10:17:55.143Z" },
    { url = "https://files.pythonhosted.org/packages/bd/ae/bfecc71fcf1b833117bfb0efb76e14f5772874775274115ac94f64c5ba7a/ty-0.0.60-py3-none-musllinux_1_2_aarch64.whl", hash = "sha256:78812ec03da2c3141030ee1717fb09f0845eb552a77e79680c1cca598861ddaf", size = 11534812, upload-time = "2026-07-16T10:17:57.165Z" },
    { url = "https://files.pythonhosted.org/packages/d6/23/1236c1ab9cd6b2daba9c558c9dcf04644f7b636f3bab3c15e74c7f80f5e1/ty-0.0.60-py3-none-musllinux_1_2_armv7l.whl", hash = "sha256:a92c1dbc48f8b414ddcf199c1119054de00f8ee995528fa9d9c2e4ddd13cd0c1", size = 11677591, upload-time = "2026-07-16T10:17:59.747Z" },
    { url = "https://files.pythonhosted.org/packages/49/49/86c9230d9a8bf1755ca4b0165e7cb6bdfa2e495f0a105b24c6a27b5a542c/ty-0.0.60-py3-none-musllinux_1_2_i686.whl", hash = "sha256:2c367d5ffe545004f0603e5599614062230678eeab980acd32850a7c19d60fc9", size = 11901279, upload-time = "2026-07-16T10:18:02.301Z" },
    { url = "https://files.pythonhosted.org/packages/7e/0a/0c2e9904362d9c63700116feb192a3e10122eef49a417cde84068b2562fd/ty-0.0.60-py3-none-musllinux_1_2_x86_64.whl", hash = "sha256:a94b1f99aa8f8ca5879341a5351af708b85ce19c7494db320c719a1e129d08e8", size = 12230659, upload-time = "2026-07-16T10:18:04.384Z" },
    { url = "https://files.pythonhosted.org/packages/84/4d/39c414f6b4bc944b2bac19c181438ee393c8eb34e9e21d97e5a148745f95/ty-0.0.60-py3-none-win32.whl", hash = "sha256:5ea2c85249581fb0060b9ff63b5313330f48930b2e50f6c85a5a322701626cc5", size = 11175286, upload-time = "2026-07-16T10:18:06.523Z" },
    { url = "https://files.pythonhosted.org/packages/a7/08/fdf4072d96c71b65fe98c9ca2ea5b3d2d0f6e20873bb2639e8c7827bd5f6/ty-0.0.60-py3-none-win_amd64.whl", hash = "sha256:15d83c3d793cb07840b8888c084cc2c49eb8acc29456a2fcdfbfd509c82526e5", size = 12249240, upload-time = "2026-07-16T10:18:08.701Z" },
    { url = "https://files.pythonhosted.org/packages/bd/a2/83a496d717f712f894cf26690bcd9465ca23cd1c9139cac669d9cca45d14/ty-0.0.60-py3-none-win_arm64.whl", hash = "sha256:32e63228c3d21ddb192385aaf54501f19478be7b764f7572014d5110e53a9085", size = 11620140, upload-time = "2026-07-16T10:18:11.316Z" },
]

[[package]]
name = "typer"
version = "0.27.0"
source = { registry = "https://pypi.org/simple" }
dependencies = [
    { name = "annotated-doc" },
    { name = "colorama", marker = "sys_platform == 'win32'" },
    { name = "rich" },
    { name = "shellingham" },
]
sdist = { url = "https://files.pythonhosted.org/packages/37/78/fda3361b56efc27944f24225f6ecd13d96d6fcfe37bd0eb34e2f4c63f9fc/typer-0.27.0.tar.gz", hash = "sha256:629bd12ea5d13a17148125d9a264f949eb171fb3f120f9b04d85873cab054fa5", size = 203430, upload-time = "2026-07-15T19:21:07.007Z" }
wheels = [
    { url = "https://files.pythonhosted.org/packages/40/03/26a383c9e58c213199d1aad1c3d353cfc22d4444ec6d2c0bf8ad02523843/typer-0.27.0-py3-none-any.whl", hash = "sha256:6f4b27631e47f077871b7dc30e933ec0131c1390fbe0e387ea5574b5bac9ccf1", size = 122716, upload-time = "2026-07-15T19:21:05.553Z" },
]
