version = 1
revision = 3
requires-python = ">=3.14"

[[package]]
name = "annotated-doc"
version = "0.0.4"
source = { registry = "https://pypi.org/simple" }
sdist = { url = "https://files.pythonhosted.org/packages/57/ba/046ceea27344560984e26a590f90bc7f4a75b06701f653222458922b558c/annotated_doc-0.0.4.tar.gz", hash = "sha256:fbcda96e87e9c92ad167c2e53839e57503ecfda18804ea28102353485033faa4", size = 7288, upload-time = "2025-11-10T22:07:42.062Z" }
wheels = [
    { url = "https://files.pythonhosted.org/packages/1e/d3/26bf1008eb3d2daa8ef4cacc7f3bfdc11818d111f7e2d0201bc6e3b49d45/annotated_doc-0.0.4-py3-none-any.whl", hash = "sha256:571ac1dc6991c450b25a9c2d84a3705e2ae7a53467b5d111c24fa8baabbed320", size = 5303, upload-time = "2025-11-10T22:07:40.673Z" },
]

[[package]]
name = "colorama"
version = "0.4.6"
source = { registry = "https://pypi.org/simple" }
sdist = { url = "https://files.pythonhosted.org/packages/d8/53/6f443c9a4a8358a93a6792e2acffb9d9d5cb0a5cfd8802644b7b1c9a02e4/colorama-0.4.6.tar.gz", hash = "sha256:08695f5cb7ed6e0531a20572697297273c47b8cae5a63ffc6d6ed5c201be6e44", size = 27697, upload-time = "2022-10-25T02:36:22.414Z" }
wheels = [
    { url = "https://files.pythonhosted.org/packages/d1/d6/3965ed04c63042e047cb6a3e6ed1a63a35087b6a609aa3a15ed8ac56c221/colorama-0.4.6-py2.py3-none-any.whl", hash = "sha256:4f1d9991f5acc0ca119f9d443620b77f9d6b33703e51011c16baf57afb285fc6", size = 25335, upload-time = "2022-10-25T02:36:20.889Z" },
]

[[package]]
name = "coverage"
version = "7.14.3"
source = { registry = "https://pypi.org/simple" }
sdist = { url = "https://files.pythonhosted.org/packages/b4/91/0a7c28934e50d8ac9a7b117712d176f2953c3170bccced5eaacfa3e96175/coverage-7.14.3.tar.gz", hash = "sha256:1a7563a443f3d53fdeb040ec8c9f7466aed7ca3dc5891aa09d3ca3625fa4387f", size = 924398, upload-time = "2026-06-22T23:10:25.584Z" }
wheels = [
    { url = "https://files.pythonhosted.org/packages/61/56/14e3b97facbfa1304dd19e676e26599ad359f04714bed32f7f1c5a88efdc/coverage-7.14.3-cp314-cp314-macosx_10_15_x86_64.whl", hash = "sha256:605ab2b566a22bd94834529d66d295c364aba84afd3e5498285c7a524017b1fc", size = 220741, upload-time = "2026-06-22T23:09:21.616Z" },
    { url = "https://files.pythonhosted.org/packages/12/1d/db378b5cca433b90b893f26dab728b280ddd89f272a1fdfed4aeaa05c686/coverage-7.14.3-cp314-cp314-macosx_11_0_arm64.whl", hash = "sha256:a3c2134809e80fac091bfed18a6991b5a5eb5df5ae32b17ac4f4f99864b73dd7", size = 221068, upload-time = "2026-06-22T23:09:23.452Z" },
    { url = "https://files.pythonhosted.org/packages/47/f0/3f8421b20d9c4fcd39be9a8ca3c3fda8bc204b44efbd09fede153afd3e2f/coverage-7.14.3-cp314-cp314-manylinux1_i686.manylinux_2_28_i686.manylinux_2_5_i686.whl", hash = "sha256:c02efd507227bde9969cab0db8f48890eb3b5dcad6afac57a4792df4133543ce", size = 252117, upload-time = "2026-06-22T23:09:25.458Z" },
    { url = "https://files.pythonhosted.org/packages/27/ca/59ea35fb99743549ec8b37eff141ece4431fea590c89e536ed8032ef45cf/coverage-7.14.3-cp314-cp314-manylinux1_x86_64.manylinux_2_28_x86_64.manylinux_2_5_x86_64.whl", hash = "sha256:1bb93c2aa61d2a5b38f1526546d95cf4132cb681e541a337bf8dfd092be816e5", size = 254622, upload-time = "2026-06-22T23:09:27.523Z" },
    { url = "https://files.pythonhosted.org/packages/c8/25/ec6de51ae7493b92a1cf74d1b763121c29636759167e2a593ba4db5881e4/coverage-7.14.3-cp314-cp314-manylinux2014_aarch64.manylinux_2_17_aarch64.manylinux_2_28_aarch64.whl", hash = "sha256:f502e948e03e866538048bba081c075caaa62e5bda6ea5b7432e45f587eb462a", size = 255968, upload-time = "2026-06-22T23:09:29.43Z" },
    { url = "https://files.pythonhosted.org/packages/5d/05/c8bfc77823f42b4664fb25842f13b567022f6f84a4c83c8ecbb16734b7cb/coverage-7.14.3-cp314-cp314-manylinux2014_ppc64le.manylinux_2_17_ppc64le.manylinux_2_28_ppc64le.whl", hash = "sha256:9973ef2463f8e6cfb61a6324126bb3e17d67a85f22f58d856e583ea2e3ca6501", size = 258284, upload-time = "2026-06-22T23:09:31.397Z" },
    { url = "https://files.pythonhosted.org/packages/f6/15/1d1b242027124a32b26ef01f82018b8c4ef34ef174aa6aeba7b1eeef48e8/coverage-7.14.3-cp314-cp314-manylinux_2_31_riscv64.manylinux_2_39_riscv64.whl", hash = "sha256:9be4e7d4c5ca0427889f8f9d614bd630c2be741b1de7699bca3b2b6c0e41003e", size = 252143, upload-time = "2026-06-22T23:09:33.256Z" },
    { url = "https://files.pythonhosted.org/packages/74/b6/d2a9842fd2a5d7d27f1ac851c043a734a494ad75402c5331db3da79ed691/coverage-7.14.3-cp314-cp314-musllinux_1_2_aarch64.whl", hash = "sha256:a574912f3bde4b0619f6e97d01aa590b70998859244793769eb3a6df78ee56d3", size = 253976, upload-time = "2026-06-22T23:09:35.351Z" },
    { url = "https://files.pythonhosted.org/packages/fd/30/e1600ddf7e226db5558bb5323d2186fff00f505c4b764643ec89ce5d8175/coverage-7.14.3-cp314-cp314-musllinux_1_2_i686.whl", hash = "sha256:e343fb086c9cd780b38622fea7c369acd64c1a0724312149b5d769c387a2b1f5", size = 251942, upload-time = "2026-06-22T23:09:37.313Z" },
    { url = "https://files.pythonhosted.org/packages/d9/2c/9159de64f9dd648e324328d588a44cfab1e331eb5259ce1141afe2a92dfb/coverage-7.14.3-cp314-cp314-musllinux_1_2_ppc64le.whl", hash = "sha256:3c68df8e61f1e09633fefc7538297145623957a048534368c9d212782aa5e845", size = 256220, upload-time = "2026-06-22T23:09:39.165Z" },
    { url = "https://files.pythonhosted.org/packages/91/67/b7f536cc2c124f48e91b22fbb741d2261f4e3d310faf6f76007f47566e5d/coverage-7.14.3-cp314-cp314-musllinux_1_2_riscv64.whl", hash = "sha256:3e5b550a128419373c2f6cec28a244207013ef15f5cbcff6a5ca09d1dfaaf027", size = 251756, upload-time = "2026-06-22T23:09:41.056Z" },
    { url = "https://files.pythonhosted.org/packages/dd/ec/f3718038e2d4860c715a55428377ca7f6c75872caf98cabd982e1d76967d/coverage-7.14.3-cp314-cp314-musllinux_1_2_x86_64.whl", hash = "sha256:2bfc4dd0a912329eccc7484a7d0b2a38032b38c40663b1e1ac595f10c457954b", size = 253413, upload-time = "2026-06-22T23:09:43.306Z" },
    { url = "https://files.pythonhosted.org/packages/b8/a5/91f11efeef89b3cc9b30461128db15b0511ef813ab889a7b7ab636b3a497/coverage-7.14.3-cp314-cp314-win32.whl", hash = "sha256:0423d64c013057a06e70f070f073cec4b0cbc7d2b27f3c7007292f2ff1d52965", size = 222946, upload-time = "2026-06-22T23:09:45.261Z" },
    { url = "https://files.pythonhosted.org/packages/58/fd/98ac9f524d9ec378de831c034dbdeb544ca7ef7d2d9c9996daf232a037fd/coverage-7.14.3-cp314-cp314-win_amd64.whl", hash = "sha256:92c22e19ce64ca3f2ad751f16f14df1468b4c231bd6af97185063a9c292a0cb3", size = 223436, upload-time = "2026-06-22T23:09:47.177Z" },
    { url = "https://files.pythonhosted.org/packages/b4/a0/7cd612d650a772a0ae80144443406bf61981c896c3d57c9e6e79fb2cdbd1/coverage-7.14.3-cp314-cp314-win_arm64.whl", hash = "sha256:41de778bd41780586e2b04912079c73089ab5d839624e28db3bdb26de638da92", size = 222861, upload-time = "2026-06-22T23:09:49.384Z" },
    { url = "https://files.pythonhosted.org/packages/55/57/017353fab573779c0d00448e47d102edd36c792f7b6f233a4d89a7a08384/coverage-7.14.3-cp314-cp314t-macosx_10_15_x86_64.whl", hash = "sha256:8427f370ca67db4c975d2a26acfc0e5783ca0b52444dbc50278ace0f35445949", size = 221474, upload-time = "2026-06-22T23:09:51.417Z" },
    { url = "https://files.pythonhosted.org/packages/69/92/90cf1f1a5c468a9c1b7ba2716e0e205293ad9b02f5f573a6de4318b15ba1/coverage-7.14.3-cp314-cp314t-macosx_11_0_arm64.whl", hash = "sha256:d8e88f335544a47e22ae2e45b344772925ec65166555c958720d5ed971880891", size = 221738, upload-time = "2026-06-22T23:09:53.487Z" },
    { url = "https://files.pythonhosted.org/packages/a4/c0/4df964fa539f8399fd7679c09c472d73744de334686fd3f01e3a2465ce4e/coverage-7.14.3-cp314-cp314t-manylinux1_i686.manylinux_2_28_i686.manylinux_2_5_i686.whl", hash = "sha256:beaab199b9e5ceaf5a225e16a9d4df136f2a1eae0a5c20de1e277c8a5225f388", size = 263101, upload-time = "2026-06-22T23:09:55.895Z" },
    { url = "https://files.pythonhosted.org/packages/06/76/e5d33b2576ae3bf2be2058cd1cae57774b61e400f2c3c58f3783dc2ffb4a/coverage-7.14.3-cp314-cp314t-manylinux1_x86_64.manylinux_2_28_x86_64.manylinux_2_5_x86_64.whl", hash = "sha256:b3ff255799f5a1676c71c1c32ec01fd043aa09d57b3d95764b24992757184784", size = 265225, upload-time = "2026-06-22T23:09:57.904Z" },
    { url = "https://files.pythonhosted.org/packages/61/d2/e52419afe391a39ba27fdefaf0737d8e34bf03faef6ab3b3006545bbd0d0/coverage-7.14.3-cp314-cp314t-manylinux2014_aarch64.manylinux_2_17_aarch64.manylinux_2_28_aarch64.whl", hash = "sha256:878832eaac515b62decfa76965aed558775f86bf1fc8cca76993c0c84ae31aed", size = 267643, upload-time = "2026-06-22T23:09:59.938Z" },
    { url = "https://files.pythonhosted.org/packages/58/7a/f2625d8d5006b6b20fba5afaef00b24a763fe96476ea798a3076cbc1f84e/coverage-7.14.3-cp314-cp314t-manylinux2014_ppc64le.manylinux_2_17_ppc64le.manylinux_2_28_ppc64le.whl", hash = "sha256:611e62cb9386096d81b63e0a05330750268617231e7bd598e1fe77482a2c58a5", size = 268762, upload-time = "2026-06-22T23:10:01.943Z" },
    { url = "https://files.pythonhosted.org/packages/7d/bf/908024006bba57127354d74e938954b9c3cd765cc2e0412dc9c37b415cda/coverage-7.14.3-cp314-cp314t-manylinux_2_31_riscv64.manylinux_2_39_riscv64.whl", hash = "sha256:02c41de2a88011b893050fc9830267d927a50a215f7ad5ec17349db7090ccf26", size = 262208, upload-time = "2026-06-22T23:10:03.954Z" },
    { url = "https://files.pythonhosted.org/packages/34/a0/d4f9296441b909817442fdb26bd77a698f08272ec683a7394b00eb2e47a0/coverage-7.14.3-cp314-cp314t-musllinux_1_2_aarch64.whl", hash = "sha256:526ce9721116af23b1065089f0b75046fe521e7772ab94b641cd66b7a0421889", size = 265096, upload-time = "2026-06-22T23:10:05.936Z" },
    { url = "https://files.pythonhosted.org/packages/e8/da/4ae4f3f4e477b56a4ce1e5c48a35eff38a94b50130ce5bdc897024741cfc/coverage-7.14.3-cp314-cp314t-musllinux_1_2_i686.whl", hash = "sha256:e4ed44705ca4bead6fc977a8b741f2145608289b33c8a9b42a95d0f15aedbf4d", size = 262699, upload-time = "2026-06-22T23:10:07.973Z" },
    { url = "https://files.pythonhosted.org/packages/d8/7a/6927148073ff32856d78baa77b4ddc07a9be7e90020f9db0661c4ca523a1/coverage-7.14.3-cp314-cp314t-musllinux_1_2_ppc64le.whl", hash = "sha256:2415902f385a23dcc4ccd26e0ba803249a169af6a930c003a4c715eeb9a5444e", size = 266433, upload-time = "2026-06-22T23:10:10.145Z" },
    { url = "https://files.pythonhosted.org/packages/f7/a7/774f658dbe9c4c3f5daa86a87e0459ac3832e4e3cc67affe078547f727b9/coverage-7.14.3-cp314-cp314t-musllinux_1_2_riscv64.whl", hash = "sha256:b75ee850fc2d7c831e883220c445b035f2224de2ba6103f1e56dbd237ab913f7", size = 261547, upload-time = "2026-06-22T23:10:12.191Z" },
    { url = "https://files.pythonhosted.org/packages/3d/14/a0c18c0376c43cbf973f43ef6ca20019c950597180e6396232f7b6a27102/coverage-7.14.3-cp314-cp314t-musllinux_1_2_x86_64.whl", hash = "sha256:dc9b4e35e7c3920e925ba7f14886fd5fbe481232754624e832ddba66c7535635", size = 263859, upload-time = "2026-06-22T23:10:14.492Z" },
    { url = "https://files.pythonhosted.org/packages/10/ac/43a3d0f460af524b131a6191805bc5d18b806ab4e828fbf82e8c8c3af446/coverage-7.14.3-cp314-cp314t-win32.whl", hash = "sha256:7b27c822a8161afbe48e99f1adfb098d270ae7e0f7d7b0555ce110529bdb69cc", size = 223250, upload-time = "2026-06-22T23:10:16.758Z" },
    { url = "https://files.pythonhosted.org/packages/3f/5f/d5e5c56b0712e96ce8f69fe7dbf229ff938b437bc50862743c8a0d2cea84/coverage-7.14.3-cp314-cp314t-win_amd64.whl", hash = "sha256:39e1dbbb6ff2c338e0196a482558a792a1de3aa64261196f5cdb3da016ad9cda", size = 224082, upload-time = "2026-06-22T23:10:19.23Z" },
    { url = "https://files.pythonhosted.org/packages/62/35/947cbd5be1d3bcbbdc43d6791de8a56c6501903311d42915ae06a82815f0/coverage-7.14.3-cp314-cp314t-win_arm64.whl", hash = "sha256:68520c90babfa2d560eca6d497921ed3a4f469623bd709733124491b2aa8ef3f", size = 223400, upload-time = "2026-06-22T23:10:21.24Z" },
    { url = "https://files.pythonhosted.org/packages/eb/e3/a0aa32bfa3a081951f60a23bc0e7b512891ef0eecda1153cf1d8ba36c6b1/coverage-7.14.3-py3-none-any.whl", hash = "sha256:fb7e18afb6e903c1a92401a2f0501ac277dca527bb9ca6fe1f691a8a0026a0e8", size = 212469, upload-time = "2026-06-22T23:10:23.405Z" },
]

[[package]]
name = "iniconfig"
version = "2.3.0"
source = { registry = "https://pypi.org/simple" }
sdist = { url = "https://files.pythonhosted.org/packages/72/34/14ca021ce8e5dfedc35312d08ba8bf51fdd999c576889fc2c24cb97f4f10/iniconfig-2.3.0.tar.gz", hash = "sha256:c76315c77db068650d49c5b56314774a7804df16fee4402c1f19d6d15d8c4730", size = 20503, upload-time = "2025-10-18T21:55:43.219Z" }
wheels = [
    { url = "https://files.pythonhosted.org/packages/cb/b1/3846dd7f199d53cb17f49cba7e651e9ce294d8497c8c150530ed11865bb8/iniconfig-2.3.0-py3-none-any.whl", hash = "sha256:f631c04d2c48c52b84d0d0549c99ff3859c98df65b3101406327ecc7d53fbf12", size = 7484, upload-time = "2025-10-18T21:55:41.639Z" },
]

[[package]]
name = "markdown-it-py"
version = "4.2.0"
source = { registry = "https://pypi.org/simple" }
dependencies = [
    { name = "mdurl" },
]
sdist = { url = "https://files.pythonhosted.org/packages/06/ff/7841249c247aa650a76b9ee4bbaeae59370dc8bfd2f6c01f3630c35eb134/markdown_it_py-4.2.0.tar.gz", hash = "sha256:04a21681d6fbb623de53f6f364d352309d4094dd4194040a10fd51833e418d49", size = 82454, upload-time = "2026-05-07T12:08:28.36Z" }
wheels = [
    { url = "https://files.pythonhosted.org/packages/b3/81/4da04ced5a082363ecfa159c010d200ecbd959ae410c10c0264a38cac0f5/markdown_it_py-4.2.0-py3-none-any.whl", hash = "sha256:9f7ebbcd14fe59494226453aed97c1070d83f8d24b6fc3a3bcf9a38092641c4a", size = 91687, upload-time = "2026-05-07T12:08:27.182Z" },
]

[[package]]
name = "mdurl"
version = "0.1.2"
source = { registry = "https://pypi.org/simple" }
sdist = { url = "https://files.pythonhosted.org/packages/d6/54/cfe61301667036ec958cb99bd3efefba235e65cdeb9c84d24a8293ba1d90/mdurl-0.1.2.tar.gz", hash = "sha256:bb413d29f5eea38f31dd4754dd7377d4465116fb207585f97bf925588687c1ba", size = 8729, upload-time = "2022-08-14T12:40:10.846Z" }
wheels = [
    { url = "https://files.pythonhosted.org/packages/b3/38/89ba8ad64ae25be8de66a6d463314cf1eb366222074cfda9ee839c56a4b4/mdurl-0.1.2-py3-none-any.whl", hash = "sha256:84008a41e51615a49fc9966191ff91509e3c40b939176e643fd50a5c2196b8f8", size = 9979, upload-time = "2022-08-14T12:40:09.779Z" },
]

[[package]]
name = "packaging"
version = "26.2"
source = { registry = "https://pypi.org/simple" }
sdist = { url = "https://files.pythonhosted.org/packages/d7/f1/e7a6dd94a8d4a5626c03e4e99c87f241ba9e350cd9e6d75123f992427270/packaging-26.2.tar.gz", hash = "sha256:ff452ff5a3e828ce110190feff1178bb1f2ea2281fa2075aadb987c2fb221661", size = 228134, upload-time = "2026-04-24T20:15:23.917Z" }
wheels = [
    { url = "https://files.pythonhosted.org/packages/df/b2/87e62e8c3e2f4b32e5fe99e0b86d576da1312593b39f47d8ceef365e95ed/packaging-26.2-py3-none-any.whl", hash = "sha256:5fc45236b9446107ff2415ce77c807cee2862cb6fac22b8a73826d0693b0980e", size = 100195, upload-time = "2026-04-24T20:15:22.081Z" },
]

[[package]]
name = "pluggy"
version = "1.6.0"
source = { registry = "https://pypi.org/simple" }
sdist = { url = "https://files.pythonhosted.org/packages/f9/e2/3e91f31a7d2b083fe6ef3fa267035b518369d9511ffab804f839851d2779/pluggy-1.6.0.tar.gz", hash = "sha256:7dcc130b76258d33b90f61b658791dede3486c3e6bfb003ee5c9bfb396dd22f3", size = 69412, upload-time = "2025-05-15T12:30:07.975Z" }
wheels = [
    { url = "https://files.pythonhosted.org/packages/54/20/4d324d65cc6d9205fabedc306948156824eb9f0ee1633355a8f7ec5c66bf/pluggy-1.6.0-py3-none-any.whl", hash = "sha256:e920276dd6813095e9377c0bc5566d94c932c33b27a3e3945d8389c374dd4746", size = 20538, upload-time = "2025-05-15T12:30:06.134Z" },
]

[[package]]
name = "poop"
version = "1.8.1"
source = { editable = "." }
dependencies = [
    { name = "typer" },
]

[package.dev-dependencies]
dev = [
    { name = "prek" },
    { name = "pytest-cov" },
    { name = "ruff" },
    { name = "ty" },
]

[package.metadata]
requires-dist = [{ name = "typer", specifier = ">=0.26.7" }]

[package.metadata.requires-dev]
dev = [
    { name = "prek", specifier = ">=0.4.5" },
    { name = "pytest-cov", specifier = ">=7.1.0" },
    { name = "ruff", specifier = ">=0.15.18" },
    { name = "ty", specifier = ">=0.0.52" },
]

[[package]]
name = "prek"
version = "0.4.5"
source = { registry = "https://pypi.org/simple" }
sdist = { url = "https://files.pythonhosted.org/packages/2f/65/23866f43521d31173879aa74bb3a2df50ab7f3f74cdb4eaa31b8f446c7ca/prek-0.4.5.tar.gz", hash = "sha256:2be7bcf839de19a0144ed5a5aadf73bc5899cf6823bb1c58cf1d45ae389c201a", size = 482566, upload-time = "2026-06-15T11:36:48.299Z" }
wheels = [
    { url = "https://files.pythonhosted.org/packages/f4/cb/a9eedf9a35ca6ec72f12af2b4392d7f757bb24863b7b7af4523f939cf3fa/prek-0.4.5-py3-none-linux_armv6l.whl", hash = "sha256:f7517774c72b001573520dc7111156779fd3e5b4452c11f09ff53c71a067e835", size = 5618105, upload-time = "2026-06-15T11:36:21.998Z" },
    { url = "https://files.pythonhosted.org/packages/30/a7/c96c06f17db7da0a57be2be4c229aa00b525bca8001c9c765663b339cbb7/prek-0.4.5-py3-none-macosx_10_12_x86_64.whl", hash = "sha256:aca9fa995536036a0171bcf7a4db96dc0a14f480054eda1d7d1c2e7739650993", size = 5972998, upload-time = "2026-06-15T11:36:41.12Z" },
    { url = "https://files.pythonhosted.org/packages/28/f1/721695355cdaa44be6f091e3a77fb9c72ed60289520f78b2f8c9a7197bdd/prek-0.4.5-py3-none-macosx_11_0_arm64.whl", hash = "sha256:66877ff21ae9d548f0f7e56fab8e65f1500a74a810e7749188c3f35a4a1b911b", size = 5525098, upload-time = "2026-06-15T11:36:30.127Z" },
    { url = "https://files.pythonhosted.org/packages/9b/1b/a334e1bb5361b49adf52b5ac7b6532018940f9f0f253437e8f43c3c1f7f3/prek-0.4.5-py3-none-manylinux_2_17_aarch64.manylinux2014_aarch64.musllinux_1_1_aarch64.whl", hash = "sha256:50697089a86a78d16f087c1912a2f3bc2bea82319a220fac52cc8e3ec9fc0426", size = 5793732, upload-time = "2026-06-15T11:36:35.745Z" },
    { url = "https://files.pythonhosted.org/packages/28/8c/aff94d276e91207a87cedff7cfefdd4aca20444137cca77bf53fffebe77a/prek-0.4.5-py3-none-manylinux_2_17_armv7l.manylinux2014_armv7l.whl", hash = "sha256:590427a42a3c1e5064487a0dc91167ae0c8a52168e77f574758ef9b138fcfd61", size = 5521719, upload-time = "2026-06-15T11:36:39.383Z" },
    { url = "https://files.pythonhosted.org/packages/4f/73/cfb0c5c909442050a8357e26233f7e511ba8e0d2f4b0bdc460065d62beb6/prek-0.4.5-py3-none-manylinux_2_17_i686.manylinux2014_i686.whl", hash = "sha256:1fd98b986767dafdb6b4305b563ee5a3a8f13bd3c78b98d708626815ea9f147f", size = 5922623, upload-time = "2026-06-15T11:36:18.063Z" },
    { url = "https://files.pythonhosted.org/packages/0a/ad/ff9d26551ba80d190bd08c6341176a5d56d4e6de9c2ebf077793d4adbb78/prek-0.4.5-py3-none-manylinux_2_17_s390x.manylinux2014_s390x.whl", hash = "sha256:fccd11613ae92619d1ecda0ab3359ceebeb38898909ec84a8d383733d12158cc", size = 6722071, upload-time = "2026-06-15T11:36:43.086Z" },
    { url = "https://files.pythonhosted.org/packages/d3/43/11d1dfd66c919953fe89ae2fdedd4f413ee923883043816d35982177bb75/prek-0.4.5-py3-none-manylinux_2_17_x86_64.manylinux2014_x86_64.whl", hash = "sha256:14109d37b33e5529db41a3539d4f8f72d295f6eeddede3964994d898b8cec05c", size = 6176454, upload-time = "2026-06-15T11:36:33.803Z" },
    { url = "https://files.pythonhosted.org/packages/d7/d4/9749f25c2e0ee5225f812457b888acef301e0ccce64bebcda2ac1d04abee/prek-0.4.5-py3-none-manylinux_2_28_aarch64.whl", hash = "sha256:40d262418105b2ede9836593a1927fc927cc8093c432e998640964102196996e", size = 5791133, upload-time = "2026-06-15T11:36:23.891Z" },
    { url = "https://files.pythonhosted.org/packages/c7/72/5e0344bab1eacf813a5b1b082cb4c6253930096166dad51c1cccee0a4f83/prek-0.4.5-py3-none-manylinux_2_31_riscv64.whl", hash = "sha256:a586d14c3b852fdee1c3dcd0b9cb0915db9f9d054334b854fd9470bf68edf129", size = 5658098, upload-time = "2026-06-15T11:36:44.862Z" },
    { url = "https://files.pythonhosted.org/packages/be/a5/1f406e0362dd0f18ba09a562d50d7c04a70ac05d350b1ab6fba36ca3e9f0/prek-0.4.5-py3-none-musllinux_1_1_armv7l.whl", hash = "sha256:a8ed0d28f3e7790e4402a9324c386509066df6e67cc587f7406f9a245b97b7e8", size = 5498634, upload-time = "2026-06-15T11:36:31.828Z" },
    { url = "https://files.pythonhosted.org/packages/c7/df/b0cbf0fa527330188390b7b6c8d279cd5e509923262d0a6c5cc44bbdf103/prek-0.4.5-py3-none-musllinux_1_1_i686.whl", hash = "sha256:86f76bd3d2ecf6fd9034d75c62ff4c786eb11d0dd0a1f79bbb4343b023e12769", size = 5784840, upload-time = "2026-06-15T11:36:37.481Z" },
    { url = "https://files.pythonhosted.org/packages/9d/d7/977ee3c622c906677dd94187a00392ce2dd76035486b3a3b1b5a5267dd34/prek-0.4.5-py3-none-musllinux_1_1_x86_64.whl", hash = "sha256:e491a1a4641d91d8b03dcce5588397e76d2a5b432c9b0a6c70475972b4512ab4", size = 6300384, upload-time = "2026-06-15T11:36:27.602Z" },
    { url = "https://files.pythonhosted.org/packages/79/fa/43b1d761381dc1c7eeb8f2235c66e902970d4b2bff2dec0f02836c085769/prek-0.4.5-py3-none-win32.whl", hash = "sha256:7546989b2403c96137bd79d19ebfe21facb87266cefe819db2458c3b9b23f350", size = 5287935, upload-time = "2026-06-15T11:36:20.293Z" },
    { url = "https://files.pythonhosted.org/packages/f5/fe/59b5eb3124f5a4cc255a93857b9ab42402635b273f157e91de23bfa40e8f/prek-0.4.5-py3-none-win_amd64.whl", hash = "sha256:8b2ac9227504371d97338215b344184cb0b31ca94113515a3a90c509c6c5a707", size = 5682560, upload-time = "2026-06-15T11:36:25.865Z" },
    { url = "https://files.pythonhosted.org/packages/97/0e/589ff0eab9034909b1ec8654ee03483797305fb743b3554ce6140d82da9d/prek-0.4.5-py3-none-win_arm64.whl", hash = "sha256:646a86a1a082dbd99fed96314b1064f5644bb34c1f4037a63547a18e2160fb86", size = 5509019, upload-time = "2026-06-15T11:36:46.595Z" },
]

[[package]]
name = "pygments"
version = "2.20.0"
source = { registry = "https://pypi.org/simple" }
sdist = { url = "https://files.pythonhosted.org/packages/c3/b2/bc9c9196916376152d655522fdcebac55e66de6603a76a02bca1b6414f6c/pygments-2.20.0.tar.gz", hash = "sha256:6757cd03768053ff99f3039c1a36d6c0aa0b263438fcab17520b30a303a82b5f", size = 4955991, upload-time = "2026-03-29T13:29:33.898Z" }
wheels = [
    { url = "https://files.pythonhosted.org/packages/f4/7e/a72dd26f3b0f4f2bf1dd8923c85f7ceb43172af56d63c7383eb62b332364/pygments-2.20.0-py3-none-any.whl", hash = "sha256:81a9e26dd42fd28a23a2d169d86d7ac03b46e2f8b59ed4698fb4785f946d0176", size = 1231151, upload-time = "2026-03-29T13:29:30.038Z" },
]

[[package]]
name = "pytest"
version = "9.1.1"
source = { registry = "https://pypi.org/simple" }
dependencies = [
    { name = "colorama", marker = "sys_platform == 'win32'" },
    { name = "iniconfig" },
    { name = "packaging" },
    { name = "pluggy" },
    { name = "pygments" },
]
sdist = { url = "https://files.pythonhosted.org/packages/e4/47/b9efed96c114afcfa3c9d3fe98a76a1d14c74a9e266d397cf6eb64be5e01/pytest-9.1.1.tar.gz", hash = "sha256:1088fbde8f2b49d95a549a195707afa7a76a3ce9bcadc26b6d71f0ffda5fe313", size = 1636369, upload-time = "2026-06-19T10:58:32.857Z" }
wheels = [
    { url = "https://files.pythonhosted.org/packages/24/25/1de2678b631f5a49215c6c96fff41ba892b0a34df68d6d80292b1b48aa7f/pytest-9.1.1-py3-none-any.whl", hash = "sha256:37a86b45efb9a47a61a36449063e8e18d0cab3161329fc099eb21783169c4f0c", size = 386536, upload-time = "2026-06-19T10:58:31.347Z" },
]

[[package]]
name = "pytest-cov"
version = "7.1.0"
source = { registry = "https://pypi.org/simple" }
dependencies = [
    { name = "coverage" },
    { name = "pluggy" },
    { name = "pytest" },
]
sdist = { url = "https://files.pythonhosted.org/packages/b1/51/a849f96e117386044471c8ec2bd6cfebacda285da9525c9106aeb28da671/pytest_cov-7.1.0.tar.gz", hash = "sha256:30674f2b5f6351aa09702a9c8c364f6a01c27aae0c1366ae8016160d1efc56b2", size = 55592, upload-time = "2026-03-21T20:11:16.284Z" }
wheels = [
    { url = "https://files.pythonhosted.org/packages/9d/7a/d968e294073affff457b041c2be9868a40c1c71f4a35fcc1e45e5493067b/pytest_cov-7.1.0-py3-none-any.whl", hash = "sha256:a0461110b7865f9a271aa1b51e516c9a95de9d696734a2f71e3e78f46e1d4678", size = 22876, upload-time = "2026-03-21T20:11:14.438Z" },
]

[[package]]
name = "rich"
version = "15.0.0"
source = { registry = "https://pypi.org/simple" }
dependencies = [
    { name = "markdown-it-py" },
    { name = "pygments" },
]
sdist = { url = "https://files.pythonhosted.org/packages/c0/8f/0722ca900cc807c13a6a0c696dacf35430f72e0ec571c4275d2371fca3e9/rich-15.0.0.tar.gz", hash = "sha256:edd07a4824c6b40189fb7ac9bc4c52536e9780fbbfbddf6f1e2502c31b068c36", size = 230680, upload-time = "2026-04-12T08:24:00.75Z" }
wheels = [
    { url = "https://files.pythonhosted.org/packages/82/3b/64d4899d73f91ba49a8c18a8ff3f0ea8f1c1d75481760df8c68ef5235bf5/rich-15.0.0-py3-none-any.whl", hash = "sha256:33bd4ef74232fb73fe9279a257718407f169c09b78a87ad3d296f548e27de0bb", size = 310654, upload-time = "2026-04-12T08:24:02.83Z" },
]

[[package]]
name = "ruff"
version = "0.15.18"
source = { registry = "https://pypi.org/simple" }
sdist = { url = "https://files.pythonhosted.org/packages/74/98/1295ad5a5aa9bc85bdcdfa5d82fe7b49c61af5657df4f227637ff9de0da6/ruff-0.15.18.tar.gz", hash = "sha256:2698a964c70e8bf402dcb99c8810472d270d141e7aa8c4e13599fd52033a2f33", size = 4761437, upload-time = "2026-06-18T18:25:39.224Z" }
wheels = [
    { url = "https://files.pythonhosted.org/packages/b9/d0/686e984941269621e2be72612d5c1e461f8f7b38415a2a7d7a81c8ae6715/ruff-0.15.18-py3-none-linux_armv6l.whl", hash = "sha256:8b6850172348c8381b8b3084c5915a4393c2373b9b54cd5b5e1ea15812bc10df", size = 10887308, upload-time = "2026-06-18T18:25:03.062Z" },
    { url = "https://files.pythonhosted.org/packages/ed/21/bc4123e3f5515ee99f8ce1eb93a14a0628fe4d1678663cd08f933ac16931/ruff-0.15.18-py3-none-macosx_10_12_x86_64.whl", hash = "sha256:3fccc153a85417dcd976883160cacce486997b0a0058dd18f54b8aaaac7d1ce2", size = 11281305, upload-time = "2026-06-18T18:25:30.026Z" },
    { url = "https://files.pythonhosted.org/packages/51/93/4769464c25cf7ab2acb3c7dda9cad3d867eb41c59565b3e2a9d17249c90c/ruff-0.15.18-py3-none-macosx_11_0_arm64.whl", hash = "sha256:08d4c86a68f2c3ec2c9d56380a71fb4a4f65373055cbb8caabd645e9102f38d4", size = 10641215, upload-time = "2026-06-18T18:25:15.802Z" },
    { url = "https://files.pythonhosted.org/packages/6c/42/56926d17120db2c208d76bf60a1a019644dd9e91dc27f0f95c9caddb1366/ruff-0.15.18-py3-none-manylinux_2_17_aarch64.manylinux2014_aarch64.whl", hash = "sha256:37e5108745c2c0705da916d7d4de533ddf547051ef45f62888c31bae73f66318", size = 10957224, upload-time = "2026-06-18T18:25:36.955Z" },
    { url = "https://files.pythonhosted.org/packages/22/4f/d43fab8d8189afde803103022d000a8ef9f230616d436d52a8b2b8d63b50/ruff-0.15.18-py3-none-manylinux_2_17_armv7l.manylinux2014_armv7l.whl", hash = "sha256:56949a6ce8b3abde54c0bcb22cebfe57e8771cadc84b407ae8b8eaf67ebdcd43", size = 10699024, upload-time = "2026-06-18T18:25:05.707Z" },
    { url = "https://files.pythonhosted.org/packages/63/42/1e3e4c68bd408b9768cf3e439acbe2c78245225faef253f7028a0cdb63e0/ruff-0.15.18-py3-none-manylinux_2_17_i686.manylinux2014_i686.whl", hash = "sha256:01a754cd6a1b630d3f97e33eb452cf7a98040482318e870f8bc52a5a30e62657", size = 11491458, upload-time = "2026-06-18T18:25:20.275Z" },
    { url = "https://files.pythonhosted.org/packages/20/77/47a3484bea8521e14a203d98c389c5c97846675e4f02734672da4a69b52a/ruff-0.15.18-py3-none-manylinux_2_17_ppc64le.manylinux2014_ppc64le.whl", hash = "sha256:6ba7a07e03a44dbf10bb086ee06705b173625014ec99f73a7e6836a5e5590a0c", size = 12383752, upload-time = "2026-06-18T18:25:22.535Z" },
    { url = "https://files.pythonhosted.org/packages/0a/ca/054159590787023d83b658a1a1819c4c8910114e7015069340b71c0961cb/ruff-0.15.18-py3-none-manylinux_2_17_s390x.manylinux2014_s390x.whl", hash = "sha256:5a2c40a41a4cadbcf5897b548ab29dfe248b20c540961c0247d98a3973c70403", size = 11577923, upload-time = "2026-06-18T18:25:10.702Z" },
    { url = "https://files.pythonhosted.org/packages/6d/ff/d353d6b7bbd73cc0ec37f4463d7540e45e894338abdd9964eee0de332708/ruff-0.15.18-py3-none-manylinux_2_17_x86_64.manylinux2014_x86_64.whl", hash = "sha256:5f0480ce690cbb6c4db6e5d08f19fce98e10ba131a8b60c1bcdac42771e3ae2d", size = 11583925, upload-time = "2026-06-18T18:25:32.391Z" },
    { url = "https://files.pythonhosted.org/packages/c1/4a/891f89b9c296ed3e5f3ece1a5629badc989d9a8fdaa30431aaf4774bc1c2/ruff-0.15.18-py3-none-manylinux_2_31_riscv64.whl", hash = "sha256:2330215f1f393fa8733f55edce04fcf94c36a2c460fcde31f78cc84e4951e9b1", size = 11582834, upload-time = "2026-06-18T18:25:27.309Z" },
    { url = "https://files.pythonhosted.org/packages/32/a3/ed9e370154bf85de360b93c03026157f02d4943b2d01ff4945f4429f8e8a/ruff-0.15.18-py3-none-musllinux_1_2_aarch64.whl", hash = "sha256:a6aa6a3d979e48ae617578183674bf264fbe7d0114a796a26bd678d67963c7ff", size = 10927328, upload-time = "2026-06-18T18:25:34.676Z" },
    { url = "https://files.pythonhosted.org/packages/f5/d1/5cf5909329fedb5d39d555ee818ba5cf4638e1a301b89785d34f2905bfcb/ruff-0.15.18-py3-none-musllinux_1_2_armv7l.whl", hash = "sha256:a81beadbbff2c9c245561ae3f77b16709d87f35eec650d0501679239d3449b22", size = 10693187, upload-time = "2026-06-18T18:25:08.245Z" },
    { url = "https://files.pythonhosted.org/packages/fd/44/ff6c635cf2c4f4e7b618b6640da057376baa36014695487d88aed4794268/ruff-0.15.18-py3-none-musllinux_1_2_i686.whl", hash = "sha256:2186d9e940ae332ab293623a75b5f4fe49565f449954d50a72a046683aa6b809", size = 11208721, upload-time = "2026-06-18T18:25:41.327Z" },
    { url = "https://files.pythonhosted.org/packages/88/d9/5baa2a30861adfb7022cf33c1e35b2fc18085b08c16f83eff4c7b99a5f48/ruff-0.15.18-py3-none-musllinux_1_2_x86_64.whl", hash = "sha256:5c2abf140438032bc77b2284a6c9944ecd8a19e5f1c7b52b1b8e4a0a80d19a7a", size = 11678599, upload-time = "2026-06-18T18:25:13.607Z" },
    { url = "https://files.pythonhosted.org/packages/c3/1a/0725a7cfdc32ff769efb96ee782bec882e16448c5d9e3be947ec4c04ce27/ruff-0.15.18-py3-none-win32.whl", hash = "sha256:02299e6e9fa5b297a3f6d5d10d7bcd655c925b028bb8b9d4588214549c6b9ec4", size = 10901903, upload-time = "2026-06-18T18:25:24.755Z" },
    { url = "https://files.pythonhosted.org/packages/f3/51/805d9f6fb7970505c3504794a5ec350f605361b807fef4dcf214ebd35e72/ruff-0.15.18-py3-none-win_amd64.whl", hash = "sha256:dac80dc8d26b2257dbefabed62f5d255c3937b4ccb122da1fc634794fa3578b3", size = 12041189, upload-time = "2026-06-18T18:25:17.915Z" },
    { url = "https://files.pythonhosted.org/packages/29/4c/67bb45e41609eb4726f1bfeb59e083cf91d14c696d4bd14c234a980be93d/ruff-0.15.18-py3-none-win_arm64.whl", hash = "sha256:b2c9257fcbd4a3e5b977a1904e6facca016bafe2edc17df24db67cfaee03b4e4", size = 11329958, upload-time = "2026-06-18T18:25:43.686Z" },
]

[[package]]
name = "shellingham"
version = "1.5.4"
source = { registry = "https://pypi.org/simple" }
sdist = { url = "https://files.pythonhosted.org/packages/58/15/8b3609fd3830ef7b27b655beb4b4e9c62313a4e8da8c676e142cc210d58e/shellingham-1.5.4.tar.gz", hash = "sha256:8dbca0739d487e5bd35ab3ca4b36e11c4078f3a234bfce294b0a0291363404de", size = 10310, upload-time = "2023-10-24T04:13:40.426Z" }
wheels = [
    { url = "https://files.pythonhosted.org/packages/e0/f9/0595336914c5619e5f28a1fb793285925a8cd4b432c9da0a987836c7f822/shellingham-1.5.4-py2.py3-none-any.whl", hash = "sha256:7ecfff8f2fd72616f7481040475a65b2bf8af90a56c89140852d1120324e8686", size = 9755, upload-time = "2023-10-24T04:13:38.866Z" },
]

[[package]]
name = "ty"
version = "0.0.52"
source = { registry = "https://pypi.org/simple" }
sdist = { url = "https://files.pythonhosted.org/packages/5d/84/4417eb08328dcc547bf407d20af5e45ec8c64a85470f388fc2d590c9200a/ty-0.0.52.tar.gz", hash = "sha256:f1191175429fea917f96f79a57773eb6e57b861ee97e9ad2d77cc7538f0f284b", size = 5973710, upload-time = "2026-06-23T01:43:31.906Z" }
wheels = [
    { url = "https://files.pythonhosted.org/packages/22/8f/ba97090625c824bdb2ddac4e22e9f3568c6e5e20e75923daa49ff5254648/ty-0.0.52-py3-none-linux_armv6l.whl", hash = "sha256:5e9403d3b5c5067cef06e29f33e842b095a71479314e38e4aa5e0afe7940e4eb", size = 11956857, upload-time = "2026-06-23T01:42:43.935Z" },
    { url = "https://files.pythonhosted.org/packages/6e/d2/d8ed189611c658e567a2d267f088d5b1128ae6c80e4f40b29552679fd9e1/ty-0.0.52-py3-none-macosx_10_12_x86_64.whl", hash = "sha256:397971af92f63fd1ab244ded9f07e6a13834cf2299a53db19f20ff3076ec5998", size = 11745925, upload-time = "2026-06-23T01:42:47.85Z" },
    { url = "https://files.pythonhosted.org/packages/19/19/db06dd15512bf8e589f2bd92ddfe77a656185801e800cd73f99f12d86305/ty-0.0.52-py3-none-macosx_11_0_arm64.whl", hash = "sha256:3857ba38d5caa55be5a028c1dfda00a50fe9688a776455983f7e6f75783675e0", size = 11090262, upload-time = "2026-06-23T01:42:50.351Z" },
    { url = "https://files.pythonhosted.org/packages/c2/9a/15d3b77ad5e03b802266920bd406a321ac86be88ddbf7db058003559ccad/ty-0.0.52-py3-none-manylinux_2_17_aarch64.manylinux2014_aarch64.whl", hash = "sha256:bdb6b21947ab96cacf15384f245609439d117abfd67479d9dd9e193fc3c88332", size = 11634345, upload-time = "2026-06-23T01:42:53.164Z" },
    { url = "https://files.pythonhosted.org/packages/75/4e/a32b72b11f02e6aeda01ffa8459a6dfa3582cb1555212dc38485c36b44b0/ty-0.0.52-py3-none-manylinux_2_17_armv7l.manylinux2014_armv7l.whl", hash = "sha256:c3acdcb7be88e2248c9ac3210fd21a7bf708ccf65365712ff860d6d2a5794295", size = 11741270, upload-time = "2026-06-23T01:42:55.996Z" },
    { url = "https://files.pythonhosted.org/packages/c6/e0/c2f4de96c2cb25ee74fc41b6bfb80f64b6f90d4e77580454860ee81dde19/ty-0.0.52-py3-none-manylinux_2_17_i686.manylinux2014_i686.whl", hash = "sha256:186302513a72816f5253e32768a2c2f416fbc250079e1404ab6d758b963c402b", size = 12249540, upload-time = "2026-06-23T01:42:58.697Z" },
    { url = "https://files.pythonhosted.org/packages/c8/01/77d45372342983c98c1f3b26b4a8ea7139cb10b26820f0f6b37a298c9fa1/ty-0.0.52-py3-none-manylinux_2_17_ppc64le.manylinux2014_ppc64le.whl", hash = "sha256:02ee1083e9fd1a8c221eaa1e7018d4bac40e7b8a9f06db724757491b2948857a", size = 12822873, upload-time = "2026-06-23T01:43:01.57Z" },
    { url = "https://files.pythonhosted.org/packages/1c/09/9bdb394da75cefd41498c86a1f357b7f319368122ac8943d457f28f02609/ty-0.0.52-py3-none-manylinux_2_17_s390x.manylinux2014_s390x.whl", hash = "sha256:83cadaa3efdb3860d24eb45ee3103da0c9a4f7be73c089984e9df095545b9da5", size = 12441154, upload-time = "2026-06-23T01:43:04.129Z" },
    { url = "https://files.pythonhosted.org/packages/ea/07/969dce9b75fdfad9cad3aeae484761e57882b92a6e3d0fe8951b9427846b/ty-0.0.52-py3-none-manylinux_2_17_x86_64.manylinux2014_x86_64.whl", hash = "sha256:680738fdfdce72df8be1a213df9ed87add63e1e7705a7927bd360150cd4d749e", size = 12301402, upload-time = "2026-06-23T01:43:06.978Z" },
    { url = "https://files.pythonhosted.org/packages/0b/66/a6fc838efc21c5303d83fd1ccf2b8f0e551b8b3426c54513ea1b1499b1b9/ty-0.0.52-py3-none-manylinux_2_31_riscv64.whl", hash = "sha256:30bbe8390a4e58003f181d52c2b3e50facf6b83491c8638f9136a5b8a5a7d931", size = 12507384, upload-time = "2026-06-23T01:43:09.693Z" },
    { url = "https://files.pythonhosted.org/packages/c5/38/eb2c8c17ae3a022e5e1ca187afa5cc03fe0cc40d6dfb5404e6941c98f7af/ty-0.0.52-py3-none-musllinux_1_2_aarch64.whl", hash = "sha256:77c8699e796d37534243ea8ac54ac7f64690bf787e2894cb3be18c16ff6fc53c", size = 11600728, upload-time = "2026-06-23T01:43:12.236Z" },
    { url = "https://files.pythonhosted.org/packages/ce/3a/9f25321f6a173021bc728d158cd9e30c5ee28b62f4a20421fca3ebf3f6a5/ty-0.0.52-py3-none-musllinux_1_2_armv7l.whl", hash = "sha256:ef5c3f6e2cf649773382b9843227b62d689a0179ec1d0366159c349990ceaeb9", size = 11765676, upload-time = "2026-06-23T01:43:14.922Z" },
    { url = "https://files.pythonhosted.org/packages/fc/96/2790300be5bca3bedaa7eb143c26d02b9188685bbf9b9a6bae79e4566085/ty-0.0.52-py3-none-musllinux_1_2_i686.whl", hash = "sha256:dba4c4ee5e1b33c5ad6c965042101d09804b352a3b1482f3ad7b32ad78c22dd4", size = 11886884, upload-time = "2026-06-23T01:43:17.608Z" },
    { url = "https://files.pythonhosted.org/packages/74/06/c098d9422d297cccd27f6a8f5cf5e7eff857b62a89b4549bad9dd0759365/ty-0.0.52-py3-none-musllinux_1_2_x86_64.whl", hash = "sha256:3e2b06401af954515403f0b2bbe382ca74f09bf2993e7b64fc3c1ad96fde7948", size = 12401990, upload-time = "2026-06-23T01:43:20.267Z" },
    { url = "https://files.pythonhosted.org/packages/5c/c9/34b771d0581fbfd0dde89f869af597b3907c7e5c59439005f59f6671c7d5/ty-0.0.52-py3-none-win32.whl", hash = "sha256:6347248c640f0d71ba9c4fe5de941ec7e3df167008bdda5c2cf795055045f266", size = 11247464, upload-time = "2026-06-23T01:43:23.36Z" },
    { url = "https://files.pythonhosted.org/packages/33/b1/0c381ac39d85a885d4e2841173e9a88bf190b4f7cf7d15afd4a1d7e8c715/ty-0.0.52-py3-none-win_amd64.whl", hash = "sha256:57150a68abfea2ec4727647b26f136850695972a650587f44a4b98fc9d4a1096", size = 12385753, upload-time = "2026-06-23T01:43:26.479Z" },
    { url = "https://files.pythonhosted.org/packages/fb/1f/2744053d80ca1b350817dbf41286bac9c95491cfa437c0cc923feaf3522b/ty-0.0.52-py3-none-win_arm64.whl", hash = "sha256:c669df56e41c99ea53405191da0fd65cbcb9bb7162c676ef6f45e480c6a7da6e", size = 11695815, upload-time = "2026-06-23T01:43:29.465Z" },
]

[[package]]
name = "typer"
version = "0.26.7"
source = { registry = "https://pypi.org/simple" }
dependencies = [
    { name = "annotated-doc" },
    { name = "colorama", marker = "sys_platform == 'win32'" },
    { name = "rich" },
    { name = "shellingham" },
]
sdist = { url = "https://files.pythonhosted.org/packages/5e/ed/ef06584ccdd5c410df0837951ecd7e15d9a6144ea1bd4c73cecab1a89891/typer-0.26.7.tar.gz", hash = "sha256:e314a34c617e419c091b2830dda3ea1f257134ff593061a8f5b9717ab8dddb3a", size = 201709, upload-time = "2026-06-03T07:18:06.843Z" }
wheels = [
    { url = "https://files.pythonhosted.org/packages/24/25/2201973529af2c954de0bb725323c3aaed6d7f0ceee8f550dec9185df013/typer-0.26.7-py3-none-any.whl", hash = "sha256:5c87cfbc5d34491c5346ebf49c23e18d56ccb863268d3a8d592b26087c2f5e58", size = 122456, upload-time = "2026-06-03T07:18:05.732Z" },
]
