version = 1
revision = 3
requires-python = ">=3.14"

[[package]]
name = "annotated-doc"
version = "0.0.4"
source = { registry = "https://pypi.org/simple" }
sdist = { url = "https://files.pythonhosted.org/packages/57/ba/046ceea27344560984e26a590f90bc7f4a75b06701f653222458922b558c/annotated_doc-0.0.4.tar.gz", hash = "sha256:fbcda96e87e9c92ad167c2e53839e57503ecfda18804ea28102353485033faa4", size = 7288, upload-time = "2025-11-10T22:07:42.062Z" }
wheels = [
    { url = "https://files.pythonhosted.org/packages/1e/d3/26bf1008eb3d2daa8ef4cacc7f3bfdc11818d111f7e2d0201bc6e3b49d45/annotated_doc-0.0.4-py3-none-any.whl", hash = "sha256:571ac1dc6991c450b25a9c2d84a3705e2ae7a53467b5d111c24fa8baabbed320", size = 5303, upload-time = "2025-11-10T22:07:40.673Z" },
]

[[package]]
name = "click"
version = "8.3.3"
source = { registry = "https://pypi.org/simple" }
dependencies = [
    { name = "colorama", marker = "sys_platform == 'win32'" },
]
sdist = { url = "https://files.pythonhosted.org/packages/bb/63/f9e1ea081ce35720d8b92acde70daaedace594dc93b693c869e0d5910718/click-8.3.3.tar.gz", hash = "sha256:398329ad4837b2ff7cbe1dd166a4c0f8900c3ca3a218de04466f38f6497f18a2", size = 328061, upload-time = "2026-04-22T15:11:27.506Z" }
wheels = [
    { url = "https://files.pythonhosted.org/packages/ae/44/c1221527f6a71a01ec6fbad7fa78f1d50dfa02217385cf0fa3eec7087d59/click-8.3.3-py3-none-any.whl", hash = "sha256:a2bf429bb3033c89fa4936ffb35d5cb471e3719e1f3c8a7c3fff0b8314305613", size = 110502, upload-time = "2026-04-22T15:11:25.044Z" },
]

[[package]]
name = "colorama"
version = "0.4.6"
source = { registry = "https://pypi.org/simple" }
sdist = { url = "https://files.pythonhosted.org/packages/d8/53/6f443c9a4a8358a93a6792e2acffb9d9d5cb0a5cfd8802644b7b1c9a02e4/colorama-0.4.6.tar.gz", hash = "sha256:08695f5cb7ed6e0531a20572697297273c47b8cae5a63ffc6d6ed5c201be6e44", size = 27697, upload-time = "2022-10-25T02:36:22.414Z" }
wheels = [
    { url = "https://files.pythonhosted.org/packages/d1/d6/3965ed04c63042e047cb6a3e6ed1a63a35087b6a609aa3a15ed8ac56c221/colorama-0.4.6-py2.py3-none-any.whl", hash = "sha256:4f1d9991f5acc0ca119f9d443620b77f9d6b33703e51011c16baf57afb285fc6", size = 25335, upload-time = "2022-10-25T02:36:20.889Z" },
]

[[package]]
name = "coverage"
version = "7.14.0"
source = { registry = "https://pypi.org/simple" }
sdist = { url = "https://files.pythonhosted.org/packages/23/7f/d0720730a397a999ffc0fd3f5bebef347338e3a47b727da66fbb228e2ff2/coverage-7.14.0.tar.gz", hash = "sha256:057a6af2f160a85384cde4ab36f0d2777bae1057bae255f95413cdd382aa5c74", size = 919489, upload-time = "2026-05-10T18:02:31.397Z" }
wheels = [
    { url = "https://files.pythonhosted.org/packages/1c/18/b9a6586d73992807c26f9a5f274131be3d76b56b18a82b9392e2a25d2e45/coverage-7.14.0-cp314-cp314-macosx_10_15_x86_64.whl", hash = "sha256:9aed9fa983514ca032790f3fe0d1c0e42ca7e16b42432af1706b50a9a46bef5d", size = 220036, upload-time = "2026-05-10T18:01:33.057Z" },
    { url = "https://files.pythonhosted.org/packages/f3/9b/4165a1d56ddc302a0e2d518fd9d412a4fd0b57562618c78c5f21c57194f5/coverage-7.14.0-cp314-cp314-macosx_11_0_arm64.whl", hash = "sha256:ba3b8390db29296dbbf49e91b6fe08f990743a90c8f447ba4c2ffc29670dfa63", size = 220368, upload-time = "2026-05-10T18:01:34.705Z" },
    { url = "https://files.pythonhosted.org/packages/69/aa/c12e52a5ba148d9995229d557e3be6e554fe469addc0e9241b2f0956d8ea/coverage-7.14.0-cp314-cp314-manylinux1_i686.manylinux_2_28_i686.manylinux_2_5_i686.whl", hash = "sha256:3a5d8e876dfa2f102e970b183863d6dedd023d3c0eeca1fe7a9787bc5f28b212", size = 251417, upload-time = "2026-05-10T18:01:36.949Z" },
    { url = "https://files.pythonhosted.org/packages/d7/51/ec641c26e6dca1b25a7d2035ba6ecb7c884ef1a100a9e42fbe4ce4405139/coverage-7.14.0-cp314-cp314-manylinux1_x86_64.manylinux_2_28_x86_64.manylinux_2_5_x86_64.whl", hash = "sha256:5ebb8f4614a3787d567e610bbfdf96a4798dd69a1afb1bd8ad228d4111fe6ff3", size = 253924, upload-time = "2026-05-10T18:01:38.985Z" },
    { url = "https://files.pythonhosted.org/packages/33/c4/59c3de0bd1b538824173fd518fed51c1ce740ca5ed68e74545983f4053a9/coverage-7.14.0-cp314-cp314-manylinux2014_aarch64.manylinux_2_17_aarch64.manylinux_2_28_aarch64.whl", hash = "sha256:6b9bf47223dd8db3d4c4b2e443b02bace480d428f0822c3f991600448a176c97", size = 255269, upload-time = "2026-05-10T18:01:40.957Z" },
    { url = "https://files.pythonhosted.org/packages/7b/a9/36dfa153a62040296f6e7febfdb20a5720622f6ef5a81a41e8237b9a5344/coverage-7.14.0-cp314-cp314-manylinux2014_ppc64le.manylinux_2_17_ppc64le.manylinux_2_28_ppc64le.whl", hash = "sha256:3485a836550b303d006d57cc06e3d5afaabc642c77050b7c985a97b13e3776b8", size = 257583, upload-time = "2026-05-10T18:01:42.607Z" },
    { url = "https://files.pythonhosted.org/packages/26/7b/cc2c048d4114d9ab1c2409e9ee365e5ae10736df6dffcfc9444effa6c708/coverage-7.14.0-cp314-cp314-manylinux_2_31_riscv64.manylinux_2_39_riscv64.whl", hash = "sha256:3e7e88110bae996d199d1693ca8ec3fd52441d426401ae963437598667b4c5eb", size = 251434, upload-time = "2026-05-10T18:01:44.537Z" },
    { url = "https://files.pythonhosted.org/packages/ee/df/6770eaa576e604575e9a78055313250faef5faa84bd6f71a39fece519c43/coverage-7.14.0-cp314-cp314-musllinux_1_2_aarch64.whl", hash = "sha256:15228a6800ce7bdf1b74800595e56db7138cecb338fdbf044806e10dcf182dfe", size = 253280, upload-time = "2026-05-10T18:01:46.175Z" },
    { url = "https://files.pythonhosted.org/packages/ad/9e/1c0264514a3f98259a6d64765a397b2c8373e3ba59ee722a4802d3ec0c61/coverage-7.14.0-cp314-cp314-musllinux_1_2_i686.whl", hash = "sha256:9d26ac7f5398bafc5b57421ad994e8a4749e8a7a0e62d05ec7d53014d5963bfa", size = 251241, upload-time = "2026-05-10T18:01:48.732Z" },
    { url = "https://files.pythonhosted.org/packages/64/16/4efdf3e3c4079cdbf0ece56a2fea872df9e8a3e15a13a0af4400e1075944/coverage-7.14.0-cp314-cp314-musllinux_1_2_ppc64le.whl", hash = "sha256:2fb73254ff43c911c967a899e1359bc5049b4b115d6e8fbdde4937d0a2246cd5", size = 255516, upload-time = "2026-05-10T18:01:50.819Z" },
    { url = "https://files.pythonhosted.org/packages/93/69/b1de96346603881b3d1bc8d6447c83200e1c9700ffbaff926ba01ff5724c/coverage-7.14.0-cp314-cp314-musllinux_1_2_riscv64.whl", hash = "sha256:454a380af72c6adada298ed270d38c7a391288198dbfb8467f786f588751a90c", size = 251059, upload-time = "2026-05-10T18:01:52.773Z" },
    { url = "https://files.pythonhosted.org/packages/a4/66/2881853e0363a5e0a724d1103e53650795367471b6afb234f8b49e713bc6/coverage-7.14.0-cp314-cp314-musllinux_1_2_x86_64.whl", hash = "sha256:65c86fb646d2bd2972e96bd1a8b45817ed907cee68655d6295fe7ec031d04cca", size = 252716, upload-time = "2026-05-10T18:01:54.506Z" },
    { url = "https://files.pythonhosted.org/packages/55/5c/0d3305d002c41dcde873dbe456491e663dc55152ca526b630b5c47efd62f/coverage-7.14.0-cp314-cp314-win32.whl", hash = "sha256:6a6516b02a6101398e19a3f44820f69bab2590697f7def4331f668b14adaf828", size = 222788, upload-time = "2026-05-10T18:01:56.487Z" },
    { url = "https://files.pythonhosted.org/packages/f9/58/6e1b8f52fdc3184b47dc5037f5070d83a3d11042db1594b02d2a44d786c8/coverage-7.14.0-cp314-cp314-win_amd64.whl", hash = "sha256:45e0f79d8351fa76e256716df91eab12890d32678b9590df7ae1042e4bd4cf5d", size = 223600, upload-time = "2026-05-10T18:01:58.497Z" },
    { url = "https://files.pythonhosted.org/packages/00/70/a18c408e674bc26281cadaedc7351f929bd2094e191e4b15271c30b084cc/coverage-7.14.0-cp314-cp314-win_arm64.whl", hash = "sha256:4b899594a8b2d81e5cc064a0d7f9cac2081fed91049456cae7676787e41549c9", size = 222168, upload-time = "2026-05-10T18:02:00.411Z" },
    { url = "https://files.pythonhosted.org/packages/3d/89/2681f071d238b62aff8dfc2ab44fc24cfdb38d1c01f391a80522ff5d3a16/coverage-7.14.0-cp314-cp314t-macosx_10_15_x86_64.whl", hash = "sha256:f580f8c80acd94ac72e863efe2cab791d8c38d153e0b463b92dfa000d5c84cd1", size = 220766, upload-time = "2026-05-10T18:02:02.313Z" },
    { url = "https://files.pythonhosted.org/packages/bd/c7/c987babafd9207ffa1995e1ef1f9b26762cf4963aa768a66b6f0501e4616/coverage-7.14.0-cp314-cp314t-macosx_11_0_arm64.whl", hash = "sha256:a2bd259c442cd43c49b30fbafc51776eb19ea396faf159d26a83e6a0a5f13b0c", size = 221035, upload-time = "2026-05-10T18:02:04.017Z" },
    { url = "https://files.pythonhosted.org/packages/5a/e9/d6a5ac3b333088143d6fc877d398a9a674dc03124a2f776e131f03864823/coverage-7.14.0-cp314-cp314t-manylinux1_i686.manylinux_2_28_i686.manylinux_2_5_i686.whl", hash = "sha256:a706b908dfa85538863504c624b237a3cc34232bf403c057414ebfdb3b4d9f84", size = 262405, upload-time = "2026-05-10T18:02:05.915Z" },
    { url = "https://files.pythonhosted.org/packages/38/b1/e70838d29a7c08e22d44398a46db90815bbcbf28de06992bd9210d1a8d8e/coverage-7.14.0-cp314-cp314t-manylinux1_x86_64.manylinux_2_28_x86_64.manylinux_2_5_x86_64.whl", hash = "sha256:7333cd944ee4393b9b3d3c1b598c936d4fc8d70573a4c7dacfec5590dd50e436", size = 264530, upload-time = "2026-05-10T18:02:07.582Z" },
    { url = "https://files.pythonhosted.org/packages/6b/73/5c31ef97763288d03d9995152b96d5475b527c63d91c84b01caea894b83a/coverage-7.14.0-cp314-cp314t-manylinux2014_aarch64.manylinux_2_17_aarch64.manylinux_2_28_aarch64.whl", hash = "sha256:0f162bc9a15b82d947b02651b0c7e1609d6f7a8735ca330cfadec8481dd97d5a", size = 266932, upload-time = "2026-05-10T18:02:09.401Z" },
    { url = "https://files.pythonhosted.org/packages/e1/76/dd56d80f29c5f05b4d76f7e7c6d47cafacae017189c75c5759d24f9ff0cc/coverage-7.14.0-cp314-cp314t-manylinux2014_ppc64le.manylinux_2_17_ppc64le.manylinux_2_28_ppc64le.whl", hash = "sha256:362cb78e01a5dc82009d88004cf60f2e6b6d6fcbfdec05b05af73b0abf40118f", size = 268062, upload-time = "2026-05-10T18:02:11.399Z" },
    { url = "https://files.pythonhosted.org/packages/6e/c7/27ba85cd5b95614f159ff93ebff1901584a8d192e2e5e24c4943a7453f59/coverage-7.14.0-cp314-cp314t-manylinux_2_31_riscv64.manylinux_2_39_riscv64.whl", hash = "sha256:acebd068fca5512c3a6fde9c045f901613478781a73f0e82b307b214daef23fb", size = 261504, upload-time = "2026-05-10T18:02:13.257Z" },
    { url = "https://files.pythonhosted.org/packages/13/2e/e8149f60ab5d5684c6eee881bdf34b127115cddbb958b196768dd9d63473/coverage-7.14.0-cp314-cp314t-musllinux_1_2_aarch64.whl", hash = "sha256:29fe3da551dface75deb2ccbf87b6b66e2e7ef38f6d89050b428be94afff3490", size = 264398, upload-time = "2026-05-10T18:02:15.063Z" },
    { url = "https://files.pythonhosted.org/packages/d9/7f/1261b025285323225f4b4abffa5a643649dfd67e25ddca7ebcbdea3b7cb3/coverage-7.14.0-cp314-cp314t-musllinux_1_2_i686.whl", hash = "sha256:b4cc4fce8672fffcb09b0eafc167b396b3ba53c4a7230f54b7aaffbf6c835fa9", size = 262000, upload-time = "2026-05-10T18:02:16.756Z" },
    { url = "https://files.pythonhosted.org/packages/d3/dc/829c54f60b9d08389439c00f813c752781c496fc5788c78d8006db4b4f2b/coverage-7.14.0-cp314-cp314t-musllinux_1_2_ppc64le.whl", hash = "sha256:5d4a51aad8ba8bdcd2b8bd8f03d4aca19693fa2327a3470e4718a25b03481020", size = 265732, upload-time = "2026-05-10T18:02:18.817Z" },
    { url = "https://files.pythonhosted.org/packages/ed/b0/70bd1419941652fa062689cba9c3eeafb8f5e6fbb890bce41c3bdda5dbd6/coverage-7.14.0-cp314-cp314t-musllinux_1_2_riscv64.whl", hash = "sha256:9f323af3e1e4f68b60b7b247e37b8515563a61375518fa59de1af48ba28a3db6", size = 260847, upload-time = "2026-05-10T18:02:20.528Z" },
    { url = "https://files.pythonhosted.org/packages/f2/73/be40b2390656c654d35ea0015ea7ba3d945769cf80790ad5e0bb2d56d2ba/coverage-7.14.0-cp314-cp314t-musllinux_1_2_x86_64.whl", hash = "sha256:1a0abc7342ea9711c469dd8b821c6c311e6bc6aac1442e5fbd6b27fae0a8f3db", size = 263166, upload-time = "2026-05-10T18:02:22.337Z" },
    { url = "https://files.pythonhosted.org/packages/29/55/4a643f712fcf7cf2881f8ec1e0ccb7b164aff3108f69b51801246c8799f2/coverage-7.14.0-cp314-cp314t-win32.whl", hash = "sha256:a9f864ef57b7172e2db87a096642dd51e179e085ab6b2c371c29e885f65c8fb2", size = 223573, upload-time = "2026-05-10T18:02:24.11Z" },
    { url = "https://files.pythonhosted.org/packages/27/96/3acae5da0953be042c0b4dea6d6789d2f080701c77b88e44d5bd41b9219b/coverage-7.14.0-cp314-cp314t-win_amd64.whl", hash = "sha256:29943e552fdc08e082eb51400fb2f58e118a83b5542bd06531214e084399b644", size = 224680, upload-time = "2026-05-10T18:02:25.896Z" },
    { url = "https://files.pythonhosted.org/packages/93/3d/6ab5d2dd8325d838737c6f8d83d62eb6230e0d70b87b51b57bbfd08fa767/coverage-7.14.0-cp314-cp314t-win_arm64.whl", hash = "sha256:742a73ea621953b012f2c4c2219b512180dd84489acf5b1596b0aafc55b9100b", size = 222703, upload-time = "2026-05-10T18:02:27.822Z" },
    { url = "https://files.pythonhosted.org/packages/61/e8/cb8e80d6f9f55b99588625062822bf946cf03ed06315df4bd8397f5632a1/coverage-7.14.0-py3-none-any.whl", hash = "sha256:8de5b61163aee3d05c8a2beab6f47913df7981dad1baf82c414d99158c286ab1", size = 211764, upload-time = "2026-05-10T18:02:29.538Z" },
]

[[package]]
name = "iniconfig"
version = "2.3.0"
source = { registry = "https://pypi.org/simple" }
sdist = { url = "https://files.pythonhosted.org/packages/72/34/14ca021ce8e5dfedc35312d08ba8bf51fdd999c576889fc2c24cb97f4f10/iniconfig-2.3.0.tar.gz", hash = "sha256:c76315c77db068650d49c5b56314774a7804df16fee4402c1f19d6d15d8c4730", size = 20503, upload-time = "2025-10-18T21:55:43.219Z" }
wheels = [
    { url = "https://files.pythonhosted.org/packages/cb/b1/3846dd7f199d53cb17f49cba7e651e9ce294d8497c8c150530ed11865bb8/iniconfig-2.3.0-py3-none-any.whl", hash = "sha256:f631c04d2c48c52b84d0d0549c99ff3859c98df65b3101406327ecc7d53fbf12", size = 7484, upload-time = "2025-10-18T21:55:41.639Z" },
]

[[package]]
name = "markdown-it-py"
version = "4.2.0"
source = { registry = "https://pypi.org/simple" }
dependencies = [
    { name = "mdurl" },
]
sdist = { url = "https://files.pythonhosted.org/packages/06/ff/7841249c247aa650a76b9ee4bbaeae59370dc8bfd2f6c01f3630c35eb134/markdown_it_py-4.2.0.tar.gz", hash = "sha256:04a21681d6fbb623de53f6f364d352309d4094dd4194040a10fd51833e418d49", size = 82454, upload-time = "2026-05-07T12:08:28.36Z" }
wheels = [
    { url = "https://files.pythonhosted.org/packages/b3/81/4da04ced5a082363ecfa159c010d200ecbd959ae410c10c0264a38cac0f5/markdown_it_py-4.2.0-py3-none-any.whl", hash = "sha256:9f7ebbcd14fe59494226453aed97c1070d83f8d24b6fc3a3bcf9a38092641c4a", size = 91687, upload-time = "2026-05-07T12:08:27.182Z" },
]

[[package]]
name = "mdurl"
version = "0.1.2"
source = { registry = "https://pypi.org/simple" }
sdist = { url = "https://files.pythonhosted.org/packages/d6/54/cfe61301667036ec958cb99bd3efefba235e65cdeb9c84d24a8293ba1d90/mdurl-0.1.2.tar.gz", hash = "sha256:bb413d29f5eea38f31dd4754dd7377d4465116fb207585f97bf925588687c1ba", size = 8729, upload-time = "2022-08-14T12:40:10.846Z" }
wheels = [
    { url = "https://files.pythonhosted.org/packages/b3/38/89ba8ad64ae25be8de66a6d463314cf1eb366222074cfda9ee839c56a4b4/mdurl-0.1.2-py3-none-any.whl", hash = "sha256:84008a41e51615a49fc9966191ff91509e3c40b939176e643fd50a5c2196b8f8", size = 9979, upload-time = "2022-08-14T12:40:09.779Z" },
]

[[package]]
name = "packaging"
version = "26.2"
source = { registry = "https://pypi.org/simple" }
sdist = { url = "https://files.pythonhosted.org/packages/d7/f1/e7a6dd94a8d4a5626c03e4e99c87f241ba9e350cd9e6d75123f992427270/packaging-26.2.tar.gz", hash = "sha256:ff452ff5a3e828ce110190feff1178bb1f2ea2281fa2075aadb987c2fb221661", size = 228134, upload-time = "2026-04-24T20:15:23.917Z" }
wheels = [
    { url = "https://files.pythonhosted.org/packages/df/b2/87e62e8c3e2f4b32e5fe99e0b86d576da1312593b39f47d8ceef365e95ed/packaging-26.2-py3-none-any.whl", hash = "sha256:5fc45236b9446107ff2415ce77c807cee2862cb6fac22b8a73826d0693b0980e", size = 100195, upload-time = "2026-04-24T20:15:22.081Z" },
]

[[package]]
name = "pluggy"
version = "1.6.0"
source = { registry = "https://pypi.org/simple" }
sdist = { url = "https://files.pythonhosted.org/packages/f9/e2/3e91f31a7d2b083fe6ef3fa267035b518369d9511ffab804f839851d2779/pluggy-1.6.0.tar.gz", hash = "sha256:7dcc130b76258d33b90f61b658791dede3486c3e6bfb003ee5c9bfb396dd22f3", size = 69412, upload-time = "2025-05-15T12:30:07.975Z" }
wheels = [
    { url = "https://files.pythonhosted.org/packages/54/20/4d324d65cc6d9205fabedc306948156824eb9f0ee1633355a8f7ec5c66bf/pluggy-1.6.0-py3-none-any.whl", hash = "sha256:e920276dd6813095e9377c0bc5566d94c932c33b27a3e3945d8389c374dd4746", size = 20538, upload-time = "2025-05-15T12:30:06.134Z" },
]

[[package]]
name = "poop"
version = "0.44.0"
source = { editable = "." }
dependencies = [
    { name = "typer" },
]

[package.dev-dependencies]
dev = [
    { name = "prek" },
    { name = "pytest-cov" },
    { name = "ruff" },
    { name = "ty" },
]

[package.metadata]
requires-dist = [{ name = "typer", specifier = ">=0.15" }]

[package.metadata.requires-dev]
dev = [
    { name = "prek", specifier = ">=0.3.9" },
    { name = "pytest-cov", specifier = ">=7.1.0" },
    { name = "ruff", specifier = ">=0.15.11" },
    { name = "ty", specifier = ">=0.0.31" },
]

[[package]]
name = "prek"
version = "0.3.13"
source = { registry = "https://pypi.org/simple" }
sdist = { url = "https://files.pythonhosted.org/packages/3c/59/0a279983f96bd5d538b4975f0a23121082aa3b8560b6649fdf61f8011b07/prek-0.3.13.tar.gz", hash = "sha256:c48586ee3708bfbf3df80121f55583e9a7d0fa166b08172c091fe5971e92a0ac", size = 444848, upload-time = "2026-05-05T18:07:09.076Z" }
wheels = [
    { url = "https://files.pythonhosted.org/packages/bc/6a/9baa2bda21dccc2927e952416f6cc23a75eb99c9ed18837164ac2e4a5640/prek-0.3.13-py3-none-linux_armv6l.whl", hash = "sha256:b00d38f01235073c35aa5f48df57fefef45a6cec2ae0884d750345a2c7220370", size = 5506622, upload-time = "2026-05-05T18:06:53.091Z" },
    { url = "https://files.pythonhosted.org/packages/56/77/d44b5d9bdca0879b865f8e47bf84cf5dc9e8b358d029e6d9b83d8809c116/prek-0.3.13-py3-none-macosx_10_12_x86_64.whl", hash = "sha256:0d89ac712c60e34d1550a606ad5fdfb8ad71d44ced8afa2fa5cbc106be4abd9e", size = 5878743, upload-time = "2026-05-05T18:07:23.164Z" },
    { url = "https://files.pythonhosted.org/packages/08/cf/19e8525cde8b3aa12858aca434d1fa653ef3b152da5af11eafc857634dc2/prek-0.3.13-py3-none-macosx_11_0_arm64.whl", hash = "sha256:f9b5265863d18b5be4ea094fdce4fd6ca61a8c89a70ee3d8ee153b3e0ed6b272", size = 5434909, upload-time = "2026-05-05T18:07:25.276Z" },
    { url = "https://files.pythonhosted.org/packages/7a/9a/e5f97194782de4dab622ce09dafb3ebdd2ee4d354a83ac4def7ebeee236c/prek-0.3.13-py3-none-manylinux_2_17_aarch64.manylinux2014_aarch64.musllinux_1_1_aarch64.whl", hash = "sha256:64b59a1550780af2bba37297c704b17f81d8e9df6288af1fab4017938e33b1db", size = 5697536, upload-time = "2026-05-05T18:07:05.475Z" },
    { url = "https://files.pythonhosted.org/packages/c4/8c/e1f548ffc4b227e4c2b5a9b30f5978a7e0e6dad51305b97a2ba5b2a923e7/prek-0.3.13-py3-none-manylinux_2_17_armv7l.manylinux2014_armv7l.whl", hash = "sha256:9ce6cd8f114ba9bbdbe97422103fd886101949b1c42e588a7543c4436ead2020", size = 5428160, upload-time = "2026-05-05T18:07:01.489Z" },
    { url = "https://files.pythonhosted.org/packages/8a/44/abd919b00905a32d21dca2cec32c707860cf217da2431b62dd52684b310e/prek-0.3.13-py3-none-manylinux_2_17_i686.manylinux2014_i686.whl", hash = "sha256:cc03e924a24d8d961f56195853c8b206cb196be6db4ad8312125dae847d718ac", size = 5827275, upload-time = "2026-05-05T18:07:17.437Z" },
    { url = "https://files.pythonhosted.org/packages/af/ed/cafd2b80d58a83faf8371c6543bd1475a2224242a3294da7f8582f6aa551/prek-0.3.13-py3-none-manylinux_2_17_s390x.manylinux2014_s390x.whl", hash = "sha256:7ca8c526a23873177fb3b92013500b08ef5f8bedc7263f9f3a44dd2f49645a26", size = 6710293, upload-time = "2026-05-05T18:07:10.663Z" },
    { url = "https://files.pythonhosted.org/packages/35/09/52a4a27596b764173a34d74db09356b30faaacb4a1075b75adbc036a0008/prek-0.3.13-py3-none-manylinux_2_17_x86_64.manylinux2014_x86_64.whl", hash = "sha256:a5bbb175478438a871e3281d2c3c3f067288af73ad81707a9bdebfd769766c7d", size = 6096556, upload-time = "2026-05-05T18:07:19.46Z" },
    { url = "https://files.pythonhosted.org/packages/63/60/80f61729ce6498815d46d5580cf76da2c157c9b6494046183682441a0ea3/prek-0.3.13-py3-none-manylinux_2_28_aarch64.whl", hash = "sha256:a65327a014d838341af757dfc05a706d10e8e33f039bc32bb3dbe2fa21c440c0", size = 5693267, upload-time = "2026-05-05T18:07:03.66Z" },
    { url = "https://files.pythonhosted.org/packages/36/9d/c7a663fe70676ffab2e0c6c9a71997a3ccd002ed5bc60b7422a937911af0/prek-0.3.13-py3-none-manylinux_2_31_riscv64.whl", hash = "sha256:b6a200843a36a5b0c41764ce7639ccb3471d48b097f1c5e3fc8f034219b42626", size = 5532865, upload-time = "2026-05-05T18:07:15.237Z" },
    { url = "https://files.pythonhosted.org/packages/32/68/506ef5a235536030e16f61e7210474554f6e05f845f27df5877d2dbb1a06/prek-0.3.13-py3-none-musllinux_1_1_armv7l.whl", hash = "sha256:bdacaad8f35f343e063d251211fe34db1de9e5cc591795361ad69a6485202258", size = 5395951, upload-time = "2026-05-05T18:06:55.183Z" },
    { url = "https://files.pythonhosted.org/packages/3e/00/22d7c6db7f43b58f7d015913c12660c9bbc82751cff6cfd8c31993cf30eb/prek-0.3.13-py3-none-musllinux_1_1_i686.whl", hash = "sha256:f00328f1c520d8fefb910ab0d3c6764ee330d227952baa19b7e3de7242bd8b3b", size = 5681195, upload-time = "2026-05-05T18:07:12.804Z" },
    { url = "https://files.pythonhosted.org/packages/10/e3/fdf9882238796914ddaf11381a9083b374980156200a953324f6c795f34d/prek-0.3.13-py3-none-musllinux_1_1_x86_64.whl", hash = "sha256:e5530a867bcf5b172b7513a64e71b06a337d1d184696227ae953845867376b8d", size = 6212085, upload-time = "2026-05-05T18:07:07.213Z" },
    { url = "https://files.pythonhosted.org/packages/ca/1d/528759931344b5c7103085798f5fa2e86d27d9410b753a6bcbe7726aa8ba/prek-0.3.13-py3-none-win32.whl", hash = "sha256:326fac2bdce00074ce6c5046b861d310638aee2b9de1ed241ba7eb32bdc83898", size = 5199566, upload-time = "2026-05-05T18:07:21.416Z" },
    { url = "https://files.pythonhosted.org/packages/6b/d0/8715ee837c73314a02767d20652cc312d1b6ff6733fa00f52de2b648bc3a/prek-0.3.13-py3-none-win_amd64.whl", hash = "sha256:841049f89f5ec9f4035299283d11e566ac5a068e3742ead1055ea04f886831fc", size = 5589599, upload-time = "2026-05-05T18:06:57.28Z" },
    { url = "https://files.pythonhosted.org/packages/ff/cf/0af0b15be0ebd82f7e50adee149b05a73533d78cb1b97cb889f0647ebffe/prek-0.3.13-py3-none-win_arm64.whl", hash = "sha256:a9fd74e0aec550c6b8d41076fdcdd6ff121cd7d94d743c1338bd794784e3c775", size = 5419029, upload-time = "2026-05-05T18:06:59.645Z" },
]

[[package]]
name = "pygments"
version = "2.20.0"
source = { registry = "https://pypi.org/simple" }
sdist = { url = "https://files.pythonhosted.org/packages/c3/b2/bc9c9196916376152d655522fdcebac55e66de6603a76a02bca1b6414f6c/pygments-2.20.0.tar.gz", hash = "sha256:6757cd03768053ff99f3039c1a36d6c0aa0b263438fcab17520b30a303a82b5f", size = 4955991, upload-time = "2026-03-29T13:29:33.898Z" }
wheels = [
    { url = "https://files.pythonhosted.org/packages/f4/7e/a72dd26f3b0f4f2bf1dd8923c85f7ceb43172af56d63c7383eb62b332364/pygments-2.20.0-py3-none-any.whl", hash = "sha256:81a9e26dd42fd28a23a2d169d86d7ac03b46e2f8b59ed4698fb4785f946d0176", size = 1231151, upload-time = "2026-03-29T13:29:30.038Z" },
]

[[package]]
name = "pytest"
version = "9.0.3"
source = { registry = "https://pypi.org/simple" }
dependencies = [
    { name = "colorama", marker = "sys_platform == 'win32'" },
    { name = "iniconfig" },
    { name = "packaging" },
    { name = "pluggy" },
    { name = "pygments" },
]
sdist = { url = "https://files.pythonhosted.org/packages/7d/0d/549bd94f1a0a402dc8cf64563a117c0f3765662e2e668477624baeec44d5/pytest-9.0.3.tar.gz", hash = "sha256:b86ada508af81d19edeb213c681b1d48246c1a91d304c6c81a427674c17eb91c", size = 1572165, upload-time = "2026-04-07T17:16:18.027Z" }
wheels = [
    { url = "https://files.pythonhosted.org/packages/d4/24/a372aaf5c9b7208e7112038812994107bc65a84cd00e0354a88c2c77a617/pytest-9.0.3-py3-none-any.whl", hash = "sha256:2c5efc453d45394fdd706ade797c0a81091eccd1d6e4bccfcd476e2b8e0ab5d9", size = 375249, upload-time = "2026-04-07T17:16:16.13Z" },
]

[[package]]
name = "pytest-cov"
version = "7.1.0"
source = { registry = "https://pypi.org/simple" }
dependencies = [
    { name = "coverage" },
    { name = "pluggy" },
    { name = "pytest" },
]
sdist = { url = "https://files.pythonhosted.org/packages/b1/51/a849f96e117386044471c8ec2bd6cfebacda285da9525c9106aeb28da671/pytest_cov-7.1.0.tar.gz", hash = "sha256:30674f2b5f6351aa09702a9c8c364f6a01c27aae0c1366ae8016160d1efc56b2", size = 55592, upload-time = "2026-03-21T20:11:16.284Z" }
wheels = [
    { url = "https://files.pythonhosted.org/packages/9d/7a/d968e294073affff457b041c2be9868a40c1c71f4a35fcc1e45e5493067b/pytest_cov-7.1.0-py3-none-any.whl", hash = "sha256:a0461110b7865f9a271aa1b51e516c9a95de9d696734a2f71e3e78f46e1d4678", size = 22876, upload-time = "2026-03-21T20:11:14.438Z" },
]

[[package]]
name = "rich"
version = "15.0.0"
source = { registry = "https://pypi.org/simple" }
dependencies = [
    { name = "markdown-it-py" },
    { name = "pygments" },
]
sdist = { url = "https://files.pythonhosted.org/packages/c0/8f/0722ca900cc807c13a6a0c696dacf35430f72e0ec571c4275d2371fca3e9/rich-15.0.0.tar.gz", hash = "sha256:edd07a4824c6b40189fb7ac9bc4c52536e9780fbbfbddf6f1e2502c31b068c36", size = 230680, upload-time = "2026-04-12T08:24:00.75Z" }
wheels = [
    { url = "https://files.pythonhosted.org/packages/82/3b/64d4899d73f91ba49a8c18a8ff3f0ea8f1c1d75481760df8c68ef5235bf5/rich-15.0.0-py3-none-any.whl", hash = "sha256:33bd4ef74232fb73fe9279a257718407f169c09b78a87ad3d296f548e27de0bb", size = 310654, upload-time = "2026-04-12T08:24:02.83Z" },
]

[[package]]
name = "ruff"
version = "0.15.12"
source = { registry = "https://pypi.org/simple" }
sdist = { url = "https://files.pythonhosted.org/packages/99/43/3291f1cc9106f4c63bdce7a8d0df5047fe8422a75b091c16b5e9355e0b11/ruff-0.15.12.tar.gz", hash = "sha256:ecea26adb26b4232c0c2ca19ccbc0083a68344180bba2a600605538ce51a40a6", size = 4643852, upload-time = "2026-04-24T18:17:14.305Z" }
wheels = [
    { url = "https://files.pythonhosted.org/packages/c3/6e/e78ffb61d4686f3d96ba3df2c801161843746dcbcbb17a1e927d4829312b/ruff-0.15.12-py3-none-linux_armv6l.whl", hash = "sha256:f86f176e188e94d6bdbc09f09bfd9dc729059ad93d0e7390b5a73efe19f8861c", size = 10640713, upload-time = "2026-04-24T18:17:22.841Z" },
    { url = "https://files.pythonhosted.org/packages/ae/08/a317bc231fb9e7b93e4ef3089501e51922ff88d6936ce5cf870c4fe55419/ruff-0.15.12-py3-none-macosx_10_12_x86_64.whl", hash = "sha256:e3bcd123364c3770b8e1b7baaf343cc99a35f197c5c6e8af79015c666c423a6c", size = 11069267, upload-time = "2026-04-24T18:17:30.105Z" },
    { url = "https://files.pythonhosted.org/packages/aa/a4/f828e9718d3dce1f5f11c39c4f65afd32783c8b2aebb2e3d259e492c47bd/ruff-0.15.12-py3-none-macosx_11_0_arm64.whl", hash = "sha256:fe87510d000220aa1ed530d4448a7c696a0cae1213e5ec30e5874287b66557b5", size = 10397182, upload-time = "2026-04-24T18:17:07.177Z" },
    { url = "https://files.pythonhosted.org/packages/71/e0/3310fc6d1b5e1fdea22bf3b1b807c7e187b581021b0d7d4514cccdb5fb71/ruff-0.15.12-py3-none-manylinux_2_17_aarch64.manylinux2014_aarch64.whl", hash = "sha256:84a1630093121375a3e2a95b4a6dc7b59e2b4ee76216e32d81aae550a832d002", size = 10758012, upload-time = "2026-04-24T18:16:55.759Z" },
    { url = "https://files.pythonhosted.org/packages/11/c1/a606911aee04c324ddaa883ae418f3569792fd3c4a10c50e0dd0a2311e1e/ruff-0.15.12-py3-none-manylinux_2_17_armv7l.manylinux2014_armv7l.whl", hash = "sha256:fb129f40f114f089ebe0ca56c0d251cf2061b17651d464bb6478dc01e69f11f5", size = 10447479, upload-time = "2026-04-24T18:16:51.677Z" },
    { url = "https://files.pythonhosted.org/packages/9d/68/4201e8444f0894f21ab4aeeaee68aa4f10b51613514a20d80bd628d57e88/ruff-0.15.12-py3-none-manylinux_2_17_i686.manylinux2014_i686.whl", hash = "sha256:b0c862b172d695db7598426b8af465e7e9ac00a3ea2a3630ee67eb82e366aaa6", size = 11234040, upload-time = "2026-04-24T18:17:16.529Z" },
    { url = "https://files.pythonhosted.org/packages/34/ff/8a6d6cf4ccc23fd67060874e832c18919d1557a0611ebef03fdb01fff11e/ruff-0.15.12-py3-none-manylinux_2_17_ppc64le.manylinux2014_ppc64le.whl", hash = "sha256:2849ea9f3484c3aca43a82f484210370319e7170df4dfe4843395ddf6c57bc33", size = 12087377, upload-time = "2026-04-24T18:17:04.944Z" },
    { url = "https://files.pythonhosted.org/packages/85/f6/c669cf73f5152f623d34e69866a46d5e6185816b19fcd5b6dd8a2d299922/ruff-0.15.12-py3-none-manylinux_2_17_s390x.manylinux2014_s390x.whl", hash = "sha256:9e77c7e51c07fe396826d5969a5b846d9cd4c402535835fb6e21ce8b28fef847", size = 11367784, upload-time = "2026-04-24T18:17:25.409Z" },
    { url = "https://files.pythonhosted.org/packages/e8/39/c61d193b8a1daaa8977f7dea9e8d8ba866e02ea7b65d32f6861693aa4c12/ruff-0.15.12-py3-none-manylinux_2_17_x86_64.manylinux2014_x86_64.whl", hash = "sha256:83b2f4f2f3b1026b5fb449b467d9264bf22067b600f7b6f41fc5958909f449d0", size = 11344088, upload-time = "2026-04-24T18:17:12.258Z" },
    { url = "https://files.pythonhosted.org/packages/c2/8d/49afab3645e31e12c590acb6d3b5b69d7aab5b81926dbaf7461f9441f37a/ruff-0.15.12-py3-none-manylinux_2_31_riscv64.whl", hash = "sha256:9ba3b8f1afd7e2e43d8943e55f249e13f9682fde09711644a6e7290eb4f3e339", size = 11271770, upload-time = "2026-04-24T18:17:02.457Z" },
    { url = "https://files.pythonhosted.org/packages/46/06/33f41fe94403e2b755481cdfb9b7ef3e4e0ed031c4581124658d935d52b4/ruff-0.15.12-py3-none-musllinux_1_2_aarch64.whl", hash = "sha256:e852ba9fdc890655e1d78f2df1499efbe0e54126bd405362154a75e2bde159c5", size = 10719355, upload-time = "2026-04-24T18:17:27.648Z" },
    { url = "https://files.pythonhosted.org/packages/0d/59/18aa4e014debbf559670e4048e39260a85c7fcee84acfd761ac01e7b8d35/ruff-0.15.12-py3-none-musllinux_1_2_armv7l.whl", hash = "sha256:dd8aed930da53780d22fc70bdf84452c843cf64f8cb4eb38984319c24c5cd5fd", size = 10462758, upload-time = "2026-04-24T18:17:32.347Z" },
    { url = "https://files.pythonhosted.org/packages/25/e7/cc9f16fd0f3b5fddcbd7ec3d6ae30c8f3fde1047f32a4093a98d633c6570/ruff-0.15.12-py3-none-musllinux_1_2_i686.whl", hash = "sha256:01da3988d225628b709493d7dc67c3b9b12c0210016b08690ef9bd27970b262b", size = 10953498, upload-time = "2026-04-24T18:17:20.674Z" },
    { url = "https://files.pythonhosted.org/packages/72/7a/a9ba7f98c7a575978698f4230c5e8cc54bbc761af34f560818f933dafa0c/ruff-0.15.12-py3-none-musllinux_1_2_x86_64.whl", hash = "sha256:9cae0f92bd5700d1213188b31cd3bdd2b315361296d10b96b8e2337d3d11f53e", size = 11447765, upload-time = "2026-04-24T18:17:09.755Z" },
    { url = "https://files.pythonhosted.org/packages/ea/f9/0ae446942c846b8266059ad8a30702a35afae55f5cdc54c5adf8d7afdc27/ruff-0.15.12-py3-none-win32.whl", hash = "sha256:d0185894e038d7043ba8fd6aee7499ece6462dc0ea9f1e260c7451807c714c20", size = 10657277, upload-time = "2026-04-24T18:17:18.591Z" },
    { url = "https://files.pythonhosted.org/packages/33/f1/9614e03e1cdcbf9437570b5400ced8a720b5db22b28d8e0f1bda429f660d/ruff-0.15.12-py3-none-win_amd64.whl", hash = "sha256:c87a162d61ab3adca47c03f7f717c68672edec7d1b5499e652331780fe74950d", size = 11837758, upload-time = "2026-04-24T18:17:00.113Z" },
    { url = "https://files.pythonhosted.org/packages/c0/98/6beb4b351e472e5f4c4613f7c35a5290b8be2497e183825310c4c3a3984b/ruff-0.15.12-py3-none-win_arm64.whl", hash = "sha256:a538f7a82d061cee7be55542aca1d86d1393d55d81d4fcc314370f4340930d4f", size = 11120821, upload-time = "2026-04-24T18:16:57.979Z" },
]

[[package]]
name = "shellingham"
version = "1.5.4"
source = { registry = "https://pypi.org/simple" }
sdist = { url = "https://files.pythonhosted.org/packages/58/15/8b3609fd3830ef7b27b655beb4b4e9c62313a4e8da8c676e142cc210d58e/shellingham-1.5.4.tar.gz", hash = "sha256:8dbca0739d487e5bd35ab3ca4b36e11c4078f3a234bfce294b0a0291363404de", size = 10310, upload-time = "2023-10-24T04:13:40.426Z" }
wheels = [
    { url = "https://files.pythonhosted.org/packages/e0/f9/0595336914c5619e5f28a1fb793285925a8cd4b432c9da0a987836c7f822/shellingham-1.5.4-py2.py3-none-any.whl", hash = "sha256:7ecfff8f2fd72616f7481040475a65b2bf8af90a56c89140852d1120324e8686", size = 9755, upload-time = "2023-10-24T04:13:38.866Z" },
]

[[package]]
name = "ty"
version = "0.0.35"
source = { registry = "https://pypi.org/simple" }
sdist = { url = "https://files.pythonhosted.org/packages/4e/53/440e7b1212c4b0abbd4adb7aed93f4971aa1f8dca386ac5515930afa9172/ty-0.0.35.tar.gz", hash = "sha256:8375c240ab38138a19db07996c9808fb7a92047c1492e1ce587c2ef5112ad3a9", size = 5629237, upload-time = "2026-05-10T18:25:17.105Z" }
wheels = [
    { url = "https://files.pythonhosted.org/packages/d4/84/19662ee881675815b7fafff940a365be1985730465afd9b75cb2edd5f8b3/ty-0.0.35-py3-none-linux_armv6l.whl", hash = "sha256:85ae1e59b9fb0b40e9d84fe61b29653c5f2f5e78b487ece371a7a38c20c781cf", size = 11198741, upload-time = "2026-05-10T18:24:49.378Z" },
    { url = "https://files.pythonhosted.org/packages/62/df/7e5b6f83d85b4d2e5b72b5dceb388f440acc10679417bd46f829b9200fab/ty-0.0.35-py3-none-macosx_10_12_x86_64.whl", hash = "sha256:709dbb7af4fcadb1196863c00b8791bbbbcc9dacbe15a0ff17f0af82b35d415b", size = 10948304, upload-time = "2026-05-10T18:24:58.246Z" },
    { url = "https://files.pythonhosted.org/packages/59/94/72d7263aca055cde427f0ebcf08d6a74e5a5fee1d1e7fdd553696089cecb/ty-0.0.35-py3-none-macosx_11_0_arm64.whl", hash = "sha256:2cb0877419ab0c8708b6925cb0c2800b263842bd3c425113f200538772f3a0cc", size = 10407413, upload-time = "2026-05-10T18:24:37.422Z" },
    { url = "https://files.pythonhosted.org/packages/b6/23/fda6fae8a81ce0cb5f24cdfe63260e110c7af8844e31fa07d1e6e8ef0232/ty-0.0.35-py3-none-manylinux_2_17_aarch64.manylinux2014_aarch64.whl", hash = "sha256:e7afbcfc61904b7e82e7fe1a1db832a40d8f01e69dee1775f6594e552980536c", size = 10932614, upload-time = "2026-05-10T18:24:47.401Z" },
    { url = "https://files.pythonhosted.org/packages/72/3d/b98d8d4aa1a5ed6daaf15864e838f605ca7b1e8b93b7e17b96ed4bc4dfed/ty-0.0.35-py3-none-manylinux_2_17_armv7l.manylinux2014_armv7l.whl", hash = "sha256:b61498cc3e4178031c079951257fbdb209a891b4feb10ad6c40f615a51846f41", size = 10962982, upload-time = "2026-05-10T18:24:44.88Z" },
    { url = "https://files.pythonhosted.org/packages/18/c4/2881aad71bf6fb2f8df17fc8e4bc89e904e54490a3ee747b5ef73f98ac85/ty-0.0.35-py3-none-manylinux_2_17_i686.manylinux2014_i686.whl", hash = "sha256:573b1eacda349fc8dba0d767b41631c3a6f66412363127c5bf2b1b40a1d898d2", size = 11476274, upload-time = "2026-05-10T18:24:42.4Z" },
    { url = "https://files.pythonhosted.org/packages/34/0f/7717650adaeaddd23eea70470e2c26d3f0b9b18fdc7f26ec9552d6001f17/ty-0.0.35-py3-none-manylinux_2_17_ppc64le.manylinux2014_ppc64le.whl", hash = "sha256:a7209746158d6393c1040aa64b3ca29622e212ea7d8bae22ba50dbcbb4f96f0a", size = 12012027, upload-time = "2026-05-10T18:25:00.752Z" },
    { url = "https://files.pythonhosted.org/packages/22/c9/1a16cb4aab6f4707d8f550772e91abc26d1c8870f19b5e2453ad10bb8209/ty-0.0.35-py3-none-manylinux_2_17_s390x.manylinux2014_s390x.whl", hash = "sha256:4466a1470aa4418d49a9aa45d9da7de42033addd0a2837c5b2b0eb71d3c2bcd3", size = 11648894, upload-time = "2026-05-10T18:25:12.44Z" },
    { url = "https://files.pythonhosted.org/packages/18/a1/a977c0e07e9f88db9c67f90c6342a4dc4422c8091fa07bf26521870687c5/ty-0.0.35-py3-none-manylinux_2_17_x86_64.manylinux2014_x86_64.whl", hash = "sha256:eb44bb742d52c309dcaa6598bcf4d82eb4bf1241b9e4940461e522e30093fe8b", size = 11560482, upload-time = "2026-05-10T18:25:05.172Z" },
    { url = "https://files.pythonhosted.org/packages/d6/c1/a5fb11227d5cc4ac3f29a115d8c8bc817578e8ef6907d1e4c914ddbf45ee/ty-0.0.35-py3-none-manylinux_2_31_riscv64.whl", hash = "sha256:34b219250736c989b2670a03782c61315f523f3a2be37f1f90b1207e2212c188", size = 11718495, upload-time = "2026-05-10T18:24:54.12Z" },
    { url = "https://files.pythonhosted.org/packages/3c/cb/e92e4317388b6d1fd821a46941b448a8a1ff0bf13e22147c5167d8fa1b00/ty-0.0.35-py3-none-musllinux_1_2_aarch64.whl", hash = "sha256:88e2ac497decc0940ef1a07571dee8a746112a93a09cdc7f8bca0099752e2e05", size = 10900815, upload-time = "2026-05-10T18:25:02.941Z" },
    { url = "https://files.pythonhosted.org/packages/e9/4f/03bd87388a92567f262f35ac64e10d2be047d258f2dfcf1405f500fa2b90/ty-0.0.35-py3-none-musllinux_1_2_armv7l.whl", hash = "sha256:02cae51b53e6ec17d5d827ff1a3a76fd119705b56a92156e04399eda6e911596", size = 10998051, upload-time = "2026-05-10T18:25:14.68Z" },
    { url = "https://files.pythonhosted.org/packages/b4/60/6edbc375ee6073973200096168f644e1081e5e55a7d42596826465b275de/ty-0.0.35-py3-none-musllinux_1_2_i686.whl", hash = "sha256:11871d730c9400d899ac0b9f3d660ed2e7e433377c8725549f8250a36a7f2620", size = 11148910, upload-time = "2026-05-10T18:24:51.842Z" },
    { url = "https://files.pythonhosted.org/packages/4d/b1/a845d2066ed521c477450f436d4bd353d107e7c02dd6536a485944aaf892/ty-0.0.35-py3-none-musllinux_1_2_x86_64.whl", hash = "sha256:1ad0a2f0530d0933dcc99ad36ac556c63e384ea72ab9a18d23ad2e2c9fd61c73", size = 11671005, upload-time = "2026-05-10T18:24:56.223Z" },
    { url = "https://files.pythonhosted.org/packages/73/81/1d5912a54fb66b2f95ac828ae61d422ef5afeae1263e4d231e40796c229f/ty-0.0.35-py3-none-win32.whl", hash = "sha256:0e25d63ec4ab116e7f6757e44d16ca9216bca679d19ecc36d119cf80faada61a", size = 10481096, upload-time = "2026-05-10T18:24:39.976Z" },
    { url = "https://files.pythonhosted.org/packages/3b/36/1c7f8632bfec1c321f01581d4c940a3617b24bd3e8b37c8a7363d33fbfc4/ty-0.0.35-py3-none-win_amd64.whl", hash = "sha256:6a0a6d259f6f2f8f2f954c6f013d4e0b5eba68af6b353bf19a47d59ec254a3d5", size = 11555691, upload-time = "2026-05-10T18:25:07.792Z" },
    { url = "https://files.pythonhosted.org/packages/7a/fb/59325221bce52f6e833d6865ce8360ef7d5e1e21151b38df6dc77c4327a7/ty-0.0.35-py3-none-win_arm64.whl", hash = "sha256:619c52c0fb2aa21961a848a1995135ad3b6d0a9aa54da0194e60f679cc200e13", size = 10925457, upload-time = "2026-05-10T18:25:10.352Z" },
]

[[package]]
name = "typer"
version = "0.25.1"
source = { registry = "https://pypi.org/simple" }
dependencies = [
    { name = "annotated-doc" },
    { name = "click" },
    { name = "rich" },
    { name = "shellingham" },
]
sdist = { url = "https://files.pythonhosted.org/packages/e4/51/9aed62104cea109b820bbd6c14245af756112017d309da813ef107d42e7e/typer-0.25.1.tar.gz", hash = "sha256:9616eb8853a09ffeabab1698952f33c6f29ffdbceb4eaeecf571880e8d7664cc", size = 122276, upload-time = "2026-04-30T19:32:16.964Z" }
wheels = [
    { url = "https://files.pythonhosted.org/packages/3f/f9/2b3ff4e56e5fa7debfaf9eb135d0da96f3e9a1d5b27222223c7296336e5f/typer-0.25.1-py3-none-any.whl", hash = "sha256:75caa44ed46a03fb2dab8808753ffacdbfea88495e74c85a28c5eefcf5f39c89", size = 58409, upload-time = "2026-04-30T19:32:18.271Z" },
]
